
Microsoft Visual Studio Solution File, Format Version 12.00
# Visual Studio 14
VisualStudioVersion = 14.0.25420.1
MinimumVisualStudioVersion = 10.0.40219.1
Project("{FAE04EC0-301F-11D3-BF4B-00C04F79EFBC}") = "EmployeeLinkDevice", "EmployeeLinkDevice\EmployeeLinkDevice.csproj", "{676ECCE1-EF03-4D86-AADC-D1F83691FBC3}"
EndProject
Project("{FAE04EC0-301F-11D3-BF4B-00C04F79EFBC}") = "EmployeeOverride", "EmployeeOverride\EmployeeOverride.csproj", "{88BD1F4A-DB5B-46E5-B914-3950608C20BD}"
EndProject
Project("{FAE04EC0-301F-11D3-BF4B-00C04F79EFBC}") = "TimeAttendanceLogon", "TimeAttendanceLogon\TimeAttendanceLogon.csproj", "{DDE62282-1BC3-43D0-A495-048B82DDB62B}"
EndProject
Project("{FAE04EC0-301F-11D3-BF4B-00C04F79EFBC}") = "TimeAttendanceMain", "TimeAttendanceMain\TimeAttendanceMain.csproj", "{D858E82F-3AF3-4FCA-B734-5DFD03FFCA19}"
EndProject
Project("{FAE04EC0-301F-11D3-BF4B-00C04F79EFBC}") = "busClock", "busClock\busClock.csproj", "{8F0FCDCC-BB5A-4E57-8E1E-CDF8A43BC09C}"
EndProject
Project("{FAE04EC0-301F-11D3-BF4B-00C04F79EFBC}") = "busEmployeeLinkDevice", "busEmployeeLinkDevice\busEmployeeLinkDevice.csproj", "{A268DB73-6295-4682-8576-A36B10EC6725}"
EndProject
Project("{FAE04EC0-301F-11D3-BF4B-00C04F79EFBC}") = "busEmployeeOverride", "busEmployeeOverride\busEmployeeOverride.csproj", "{6E66E389-10E0-46D8-8C76-EFF1B2723773}"
EndProject
Project("{FAE04EC0-301F-11D3-BF4B-00C04F79EFBC}") = "ClockInBoundary", "ClockInBoundary\ClockInBoundary.csproj", "{E48CC044-DDB6-42C8-BCFC-5C13CC4F41F9}"
EndProject
Project("{FAE04EC0-301F-11D3-BF4B-00C04F79EFBC}") = "busClockInBoundary", "busClockInBoundary\busClockInBoundary.csproj", "{3F019F1D-0496-4C55-B6C8-44858037632F}"
EndProject
Project("{FAE04EC0-301F-11D3-BF4B-00C04F79EFBC}") = "ClockToEmployeeLink", "ClockToEmployeeLink\ClockToEmployeeLink.csproj", "{50D62B48-1D0F-47AA-95E8-874388FF9CDB}"
EndProject
Project("{FAE04EC0-301F-11D3-BF4B-00C04F79EFBC}") = "busClockToEmployeeLink", "busClockToEmployeeLink\busClockToEmployeeLink.csproj", "{8547534A-7F29-46C0-8685-DBA0F30FE126}"
EndProject
Project("{FAE04EC0-301F-11D3-BF4B-00C04F79EFBC}") = "busTimeAttendanceLogon", "busTimeAttendanceLogon\busTimeAttendanceLogon.csproj", "{637F899E-8558-4F9A-B6CF-47203A0D867D}"
EndProject
Project("{FAE04EC0-301F-11D3-BF4B-00C04F79EFBC}") = "busTimeAttendanceMain", "busTimeAttendanceMain\busTimeAttendanceMain.csproj", "{8AD3171E-C525-4668-A08B-73488F99A447}"
EndProject
Project("{FAE04EC0-301F-11D3-BF4B-00C04F79EFBC}") = "Clock", "Clock\Clock.csproj", "{A278C9B2-AF28-4335-B2D7-48D6DEBEF13B}"
EndProject
Project("{FAE04EC0-301F-11D3-BF4B-00C04F79EFBC}") = "clsISClientUtilities", "clsISClientUtilities\clsISClientUtilities.csproj", "{7A57341C-01D4-41ED-B0B8-D356F2573354}"
EndProject
Project("{FAE04EC0-301F-11D3-BF4B-00C04F79EFBC}") = "TimeAttendanceDataUpload", "TimeAttendanceDataUpload\TimeAttendanceDataUpload.csproj", "{76C7F289-43D5-4492-B302-3E2D5CB03AC9}"
EndProject
Project("{FAE04EC0-301F-11D3-BF4B-00C04F79EFBC}") = "TimeAttendanceDataDownload", "TimeAttendanceDataDownload\TimeAttendanceDataDownload.csproj", "{AA80F348-DEE4-493C-ADC9-D80E4EB577CA}"
EndProject
Project("{FAE04EC0-301F-11D3-BF4B-00C04F79EFBC}") = "SetupInternetWebServerIP", "SetupInternetWebServerIP\SetupInternetWebServerIP.csproj", "{AC8295D2-495D-4DE4-A512-663E45413FCA}"
EndProject
Project("{FAE04EC0-301F-11D3-BF4B-00C04F79EFBC}") = "busEmployeeClient", "busEmployeeClient\busEmployeeClient.csproj", "{25BF0826-1F7F-4258-82A5-2EC6432D14D1}"
EndProject
Project("{FAE04EC0-301F-11D3-BF4B-00C04F79EFBC}") = "EmployeeClient", "EmployeeClient\EmployeeClient.csproj", "{89BC5D6E-EAB3-42E0-8F7A-ECFA82D07ED7}"
EndProject
Project("{FAE04EC0-301F-11D3-BF4B-00C04F79EFBC}") = "busTimeSheetBatchClient", "busTimeSheetBatchClient\busTimeSheetBatchClient.csproj", "{57DFE3EE-5B51-434D-B8B3-9BCA861013E2}"
EndProject
Project("{FAE04EC0-301F-11D3-BF4B-00C04F79EFBC}") = "busTimeSheetClient", "busTimeSheetClient\busTimeSheetClient.csproj", "{82A69107-BAC8-4D73-B4CC-3D962BBE019C}"
EndProject
Project("{FAE04EC0-301F-11D3-BF4B-00C04F79EFBC}") = "busUserClient", "busUserClient\busUserClient.csproj", "{420EA5CD-F23B-4392-9CB6-3B400D40EF19}"
EndProject
Project("{FAE04EC0-301F-11D3-BF4B-00C04F79EFBC}") = "TimeSheetBatchClient", "TimeSheetBatchClient\TimeSheetBatchClient.csproj", "{46B04238-8714-490D-9F2E-9963644EB393}"
EndProject
Project("{FAE04EC0-301F-11D3-BF4B-00C04F79EFBC}") = "TimeSheetClient", "TimeSheetClient\TimeSheetClient.csproj", "{D7E7B810-D940-4EE3-A2D3-DEE4DCE0A694}"
EndProject
Project("{FAE04EC0-301F-11D3-BF4B-00C04F79EFBC}") = "UserClient", "UserClient\UserClient.csproj", "{B5E7224E-CB10-4661-8944-B01DCFFC88FD}"
EndProject
Project("{FAE04EC0-301F-11D3-BF4B-00C04F79EFBC}") = "TimeAttendanceClientIS", "TimeAttendanceClientIS\TimeAttendanceClientIS.csproj", "{3C70980D-ED06-479D-9913-D9303B08FF35}"
EndProject
Project("{FAE04EC0-301F-11D3-BF4B-00C04F79EFBC}") = "busBackupRestoreClientDatabase", "busBackupRestoreClientDatabase\busBackupRestoreClientDatabase.csproj", "{B4686D9A-B449-493A-B3EF-F303BF2AF621}"
EndProject
Project("{FAE04EC0-301F-11D3-BF4B-00C04F79EFBC}") = "busRemoteBackupSiteName", "busRemoteBackupSiteName\busRemoteBackupSiteName.csproj", "{1A68FED3-0D80-45ED-B4AC-CC49ECCE4BD2}"
EndProject
Project("{FAE04EC0-301F-11D3-BF4B-00C04F79EFBC}") = "busClientConvertCostCentre", "busClientConvertCostCentre\busClientConvertCostCentre.csproj", "{256A5179-4026-4935-B083-B0919D4910EA}"
EndProject
Project("{FAE04EC0-301F-11D3-BF4B-00C04F79EFBC}") = "ClientConvertCostCentre", "ClientConvertCostCentre\ClientConvertCostCentre.csproj", "{F8E842A2-E849-47E2-A58A-C068CC1FF00B}"
EndProject
Project("{FAE04EC0-301F-11D3-BF4B-00C04F79EFBC}") = "busClientPayrollLogon", "busClientPayrollLogon\busClientPayrollLogon.csproj", "{0F0F490B-B76F-4E97-B863-C4E505D5077B}"
EndProject
Project("{FAE04EC0-301F-11D3-BF4B-00C04F79EFBC}") = "busClientDataDownload", "busClientDataDownload\busClientDataDownload.csproj", "{38E52861-5721-46A6-9754-204F34E71DA1}"
EndProject
Project("{FAE04EC0-301F-11D3-BF4B-00C04F79EFBC}") = "busClientDataUpload", "busClientDataUpload\busClientDataUpload.csproj", "{93F250D3-0FAD-4DEB-A118-0071844B2510}"
EndProject
Project("{FAE04EC0-301F-11D3-BF4B-00C04F79EFBC}") = "clsDBConnectionObjects", "clsDBConnectionObjects\clsDBConnectionObjects.csproj", "{A93C21F2-C5CE-4C5D-8BE3-0D9935AC7714}"
EndProject
Project("{FAE04EC0-301F-11D3-BF4B-00C04F79EFBC}") = "busConvertCostCentre", "busConvertCostCentre\busConvertCostCentre.csproj", "{728B5CB9-2D34-423E-AB7B-4B19B7A25EC2}"
EndProject
Project("{FAE04EC0-301F-11D3-BF4B-00C04F79EFBC}") = "busDataDownload", "busDataDownload\busDataDownload.csproj", "{49BBA33E-0B08-4679-876B-83111850B328}"
EndProject
Project("{FAE04EC0-301F-11D3-BF4B-00C04F79EFBC}") = "busDataUpload", "busDataUpload\busDataUpload.csproj", "{61F31560-785A-4FC0-9754-70E5ACA06D00}"
EndProject
Project("{FAE04EC0-301F-11D3-BF4B-00C04F79EFBC}") = "busFileDownload", "busFileDownload\busFileDownload.csproj", "{D9C4B52C-9122-49B2-ABEE-55F8AB964AA4}"
EndProject
Project("{FAE04EC0-301F-11D3-BF4B-00C04F79EFBC}") = "busFileUpload", "busFileUpload\busFileUpload.csproj", "{A03595E6-674C-409B-98D2-78252E4A835E}"
EndProject
Project("{FAE04EC0-301F-11D3-BF4B-00C04F79EFBC}") = "busPasswordChange", "busPasswordChange\busPasswordChange.csproj", "{925CE865-94F2-4B88-BAE5-0B4303EFF8D2}"
EndProject
Project("{FAE04EC0-301F-11D3-BF4B-00C04F79EFBC}") = "clsISUtilities", "clsISUtilities\clsISUtilities.csproj", "{9641E261-EC6D-4333-81EE-885A3C2207F7}"
EndProject
Project("{FAE04EC0-301F-11D3-BF4B-00C04F79EFBC}") = "DownloadFiles", "DownloadFiles\DownloadFiles.csproj", "{870B6226-EFD5-4FE6-A8F7-DC578AB007FE}"
EndProject
Project("{FAE04EC0-301F-11D3-BF4B-00C04F79EFBC}") = "FileDownload", "FileDownload\FileDownload.csproj", "{EC330A2B-BFB2-4F2C-8B05-63B91F12F64D}"
EndProject
Project("{FAE04EC0-301F-11D3-BF4B-00C04F79EFBC}") = "FileUpload", "FileUpload\FileUpload.csproj", "{CC7C6F73-E06C-47E0-8862-97F58DEDED8F}"
EndProject
Project("{FAE04EC0-301F-11D3-BF4B-00C04F79EFBC}") = "PasswordChange", "PasswordChange\PasswordChange.csproj", "{E6092E97-25C6-40FD-A5DA-FF4A9B12281E}"
EndProject
Project("{FAE04EC0-301F-11D3-BF4B-00C04F79EFBC}") = "FingerPrintClockService", "FingerPrintClockService\FingerPrintClockService.csproj", "{9D074EE8-DE8B-4780-9093-434D78E46742}"
EndProject
Project("{FAE04EC0-301F-11D3-BF4B-00C04F79EFBC}") = "FingerPrintClockServiceStartStop", "FingerPrintClockServiceStartStop\FingerPrintClockServiceStartStop.csproj", "{BCE23310-B365-410F-9851-C730D7851DBC}"
EndProject
Project("{FAE04EC0-301F-11D3-BF4B-00C04F79EFBC}") = "busPayrollLogon", "busPayrollLogon\busPayrollLogon.csproj", "{7D64CA57-02BE-4CEC-8766-7BD1B53E8A2D}"
EndProject
Project("{FAE04EC0-301F-11D3-BF4B-00C04F79EFBC}") = "BackupRestoreClientDatabase", "BackupRestoreClientDatabase\BackupRestoreClientDatabase.csproj", "{064FAE38-4189-42BC-B999-14906FBA880B}"
EndProject
Project("{FAE04EC0-301F-11D3-BF4B-00C04F79EFBC}") = "clsFixInteractPayrollClientDatabase", "clsFixInteractPayrollClientDatabase\clsFixInteractPayrollClientDatabase.csproj", "{47C14B49-6FDA-48C4-AF1E-86C61BDBB915}"
EndProject
Project("{FAE04EC0-301F-11D3-BF4B-00C04F79EFBC}") = "busEmployeeGroup", "busEmployeeGroup\busEmployeeGroup.csproj", "{2DFB0075-394E-4BB6-B8EB-18E3C1FB6E11}"
EndProject
Project("{FAE04EC0-301F-11D3-BF4B-00C04F79EFBC}") = "EmployeeGroup", "EmployeeGroup\EmployeeGroup.csproj", "{A7120E89-BC6B-4DC6-9454-7B6A230CAC93}"
EndProject
Project("{FAE04EC0-301F-11D3-BF4B-00C04F79EFBC}") = "ChooseFingerprintReader", "ChooseFingerprintReader\ChooseFingerprintReader.csproj", "{2CD39A5E-95F6-4271-83BC-5D898BF870E3}"
EndProject
Project("{FAE04EC0-301F-11D3-BF4B-00C04F79EFBC}") = "clsReadersToDp", "clsReadersToDp\clsReadersToDp.csproj", "{D4D63FB1-72F4-453F-8018-D99C58A75817}"
EndProject
Global
	GlobalSection(SolutionConfigurationPlatforms) = preSolution
		Debug|Any CPU = Debug|Any CPU
		Debug|Mixed Platforms = Debug|Mixed Platforms
		Debug|Win32 = Debug|Win32
		Debug|x86 = Debug|x86
		Release|Any CPU = Release|Any CPU
		Release|Mixed Platforms = Release|Mixed Platforms
		Release|Win32 = Release|Win32
		Release|x86 = Release|x86
	EndGlobalSection
	GlobalSection(ProjectConfigurationPlatforms) = postSolution
		{676ECCE1-EF03-4D86-AADC-D1F83691FBC3}.Debug|Any CPU.ActiveCfg = Debug|Any CPU
		{676ECCE1-EF03-4D86-AADC-D1F83691FBC3}.Debug|Mixed Platforms.ActiveCfg = Debug|Any CPU
		{676ECCE1-EF03-4D86-AADC-D1F83691FBC3}.Debug|Win32.ActiveCfg = Debug|Any CPU
		{676ECCE1-EF03-4D86-AADC-D1F83691FBC3}.Debug|x86.ActiveCfg = Debug|Any CPU
		{676ECCE1-EF03-4D86-AADC-D1F83691FBC3}.Release|Any CPU.ActiveCfg = Release|Any CPU
		{676ECCE1-EF03-4D86-AADC-D1F83691FBC3}.Release|Any CPU.Build.0 = Release|Any CPU
		{676ECCE1-EF03-4D86-AADC-D1F83691FBC3}.Release|Mixed Platforms.ActiveCfg = Release|Any CPU
		{676ECCE1-EF03-4D86-AADC-D1F83691FBC3}.Release|Win32.ActiveCfg = Release|Any CPU
		{676ECCE1-EF03-4D86-AADC-D1F83691FBC3}.Release|x86.ActiveCfg = Release|Any CPU
		{88BD1F4A-DB5B-46E5-B914-3950608C20BD}.Debug|Any CPU.ActiveCfg = Debug|Any CPU
		{88BD1F4A-DB5B-46E5-B914-3950608C20BD}.Debug|Mixed Platforms.ActiveCfg = Debug|Any CPU
		{88BD1F4A-DB5B-46E5-B914-3950608C20BD}.Debug|Win32.ActiveCfg = Debug|Any CPU
		{88BD1F4A-DB5B-46E5-B914-3950608C20BD}.Debug|x86.ActiveCfg = Debug|Any CPU
		{88BD1F4A-DB5B-46E5-B914-3950608C20BD}.Release|Any CPU.ActiveCfg = Release|Any CPU
		{88BD1F4A-DB5B-46E5-B914-3950608C20BD}.Release|Mixed Platforms.ActiveCfg = Release|Any CPU
		{88BD1F4A-DB5B-46E5-B914-3950608C20BD}.Release|Win32.ActiveCfg = Release|Any CPU
		{88BD1F4A-DB5B-46E5-B914-3950608C20BD}.Release|x86.ActiveCfg = Release|Any CPU
		{DDE62282-1BC3-43D0-A495-048B82DDB62B}.Debug|Any CPU.ActiveCfg = Debug|Any CPU
		{DDE62282-1BC3-43D0-A495-048B82DDB62B}.Debug|Any CPU.Build.0 = Debug|Any CPU
		{DDE62282-1BC3-43D0-A495-048B82DDB62B}.Debug|Mixed Platforms.ActiveCfg = Debug|Any CPU
		{DDE62282-1BC3-43D0-A495-048B82DDB62B}.Debug|Win32.ActiveCfg = Debug|Any CPU
		{DDE62282-1BC3-43D0-A495-048B82DDB62B}.Debug|x86.ActiveCfg = Debug|Any CPU
		{DDE62282-1BC3-43D0-A495-048B82DDB62B}.Release|Any CPU.ActiveCfg = Release|Any CPU
		{DDE62282-1BC3-43D0-A495-048B82DDB62B}.Release|Mixed Platforms.ActiveCfg = Release|Any CPU
		{DDE62282-1BC3-43D0-A495-048B82DDB62B}.Release|Win32.ActiveCfg = Release|Any CPU
		{DDE62282-1BC3-43D0-A495-048B82DDB62B}.Release|x86.ActiveCfg = Release|Any CPU
		{D858E82F-3AF3-4FCA-B734-5DFD03FFCA19}.Debug|Any CPU.ActiveCfg = Debug|Any CPU
		{D858E82F-3AF3-4FCA-B734-5DFD03FFCA19}.Debug|Any CPU.Build.0 = Debug|Any CPU
		{D858E82F-3AF3-4FCA-B734-5DFD03FFCA19}.Debug|Mixed Platforms.ActiveCfg = Debug|Any CPU
		{D858E82F-3AF3-4FCA-B734-5DFD03FFCA19}.Debug|Mixed Platforms.Build.0 = Debug|Any CPU
		{D858E82F-3AF3-4FCA-B734-5DFD03FFCA19}.Debug|Win32.ActiveCfg = Debug|Any CPU
		{D858E82F-3AF3-4FCA-B734-5DFD03FFCA19}.Debug|x86.ActiveCfg = Debug|Any CPU
		{D858E82F-3AF3-4FCA-B734-5DFD03FFCA19}.Release|Any CPU.ActiveCfg = Release|Any CPU
		{D858E82F-3AF3-4FCA-B734-5DFD03FFCA19}.Release|Any CPU.Build.0 = Release|Any CPU
		{D858E82F-3AF3-4FCA-B734-5DFD03FFCA19}.Release|Mixed Platforms.ActiveCfg = Release|Any CPU
		{D858E82F-3AF3-4FCA-B734-5DFD03FFCA19}.Release|Mixed Platforms.Build.0 = Release|Any CPU
		{D858E82F-3AF3-4FCA-B734-5DFD03FFCA19}.Release|Win32.ActiveCfg = Release|Any CPU
		{D858E82F-3AF3-4FCA-B734-5DFD03FFCA19}.Release|x86.ActiveCfg = Release|Any CPU
		{8F0FCDCC-BB5A-4E57-8E1E-CDF8A43BC09C}.Debug|Any CPU.ActiveCfg = Debug|Any CPU
		{8F0FCDCC-BB5A-4E57-8E1E-CDF8A43BC09C}.Debug|Mixed Platforms.ActiveCfg = Debug|Any CPU
		{8F0FCDCC-BB5A-4E57-8E1E-CDF8A43BC09C}.Debug|Win32.ActiveCfg = Debug|Any CPU
		{8F0FCDCC-BB5A-4E57-8E1E-CDF8A43BC09C}.Debug|x86.ActiveCfg = Debug|Any CPU
		{8F0FCDCC-BB5A-4E57-8E1E-CDF8A43BC09C}.Release|Any CPU.ActiveCfg = Release|Any CPU
		{8F0FCDCC-BB5A-4E57-8E1E-CDF8A43BC09C}.Release|Mixed Platforms.ActiveCfg = Release|Any CPU
		{8F0FCDCC-BB5A-4E57-8E1E-CDF8A43BC09C}.Release|Win32.ActiveCfg = Release|Any CPU
		{8F0FCDCC-BB5A-4E57-8E1E-CDF8A43BC09C}.Release|x86.ActiveCfg = Release|Any CPU
		{A268DB73-6295-4682-8576-A36B10EC6725}.Debug|Any CPU.ActiveCfg = Debug|Any CPU
		{A268DB73-6295-4682-8576-A36B10EC6725}.Debug|Mixed Platforms.ActiveCfg = Debug|Any CPU
		{A268DB73-6295-4682-8576-A36B10EC6725}.Debug|Win32.ActiveCfg = Debug|Any CPU
		{A268DB73-6295-4682-8576-A36B10EC6725}.Debug|x86.ActiveCfg = Debug|Any CPU
		{A268DB73-6295-4682-8576-A36B10EC6725}.Release|Any CPU.ActiveCfg = Release|Any CPU
		{A268DB73-6295-4682-8576-A36B10EC6725}.Release|Mixed Platforms.ActiveCfg = Release|Any CPU
		{A268DB73-6295-4682-8576-A36B10EC6725}.Release|Win32.ActiveCfg = Release|Any CPU
		{A268DB73-6295-4682-8576-A36B10EC6725}.Release|x86.ActiveCfg = Release|Any CPU
		{6E66E389-10E0-46D8-8C76-EFF1B2723773}.Debug|Any CPU.ActiveCfg = Debug|Any CPU
		{6E66E389-10E0-46D8-8C76-EFF1B2723773}.Debug|Mixed Platforms.ActiveCfg = Debug|Any CPU
		{6E66E389-10E0-46D8-8C76-EFF1B2723773}.Debug|Win32.ActiveCfg = Debug|Any CPU
		{6E66E389-10E0-46D8-8C76-EFF1B2723773}.Debug|x86.ActiveCfg = Debug|Any CPU
		{6E66E389-10E0-46D8-8C76-EFF1B2723773}.Release|Any CPU.ActiveCfg = Release|Any CPU
		{6E66E389-10E0-46D8-8C76-EFF1B2723773}.Release|Mixed Platforms.ActiveCfg = Release|Any CPU
		{6E66E389-10E0-46D8-8C76-EFF1B2723773}.Release|Win32.ActiveCfg = Release|Any CPU
		{6E66E389-10E0-46D8-8C76-EFF1B2723773}.Release|x86.ActiveCfg = Release|Any CPU
		{E48CC044-DDB6-42C8-BCFC-5C13CC4F41F9}.Debug|Any CPU.ActiveCfg = Debug|x86
		{E48CC044-DDB6-42C8-BCFC-5C13CC4F41F9}.Debug|Mixed Platforms.ActiveCfg = Debug|x86
		{E48CC044-DDB6-42C8-BCFC-5C13CC4F41F9}.Debug|Win32.ActiveCfg = Debug|x86
		{E48CC044-DDB6-42C8-BCFC-5C13CC4F41F9}.Debug|x86.ActiveCfg = Debug|x86
		{E48CC044-DDB6-42C8-BCFC-5C13CC4F41F9}.Debug|x86.Build.0 = Debug|x86
		{E48CC044-DDB6-42C8-BCFC-5C13CC4F41F9}.Release|Any CPU.ActiveCfg = Release|x86
		{E48CC044-DDB6-42C8-BCFC-5C13CC4F41F9}.Release|Mixed Platforms.ActiveCfg = Release|x86
		{E48CC044-DDB6-42C8-BCFC-5C13CC4F41F9}.Release|Win32.ActiveCfg = Release|x86
		{E48CC044-DDB6-42C8-BCFC-5C13CC4F41F9}.Release|x86.ActiveCfg = Release|x86
		{E48CC044-DDB6-42C8-BCFC-5C13CC4F41F9}.Release|x86.Build.0 = Release|x86
		{3F019F1D-0496-4C55-B6C8-44858037632F}.Debug|Any CPU.ActiveCfg = Debug|Any CPU
		{3F019F1D-0496-4C55-B6C8-44858037632F}.Debug|Mixed Platforms.ActiveCfg = Debug|Any CPU
		{3F019F1D-0496-4C55-B6C8-44858037632F}.Debug|Win32.ActiveCfg = Debug|Any CPU
		{3F019F1D-0496-4C55-B6C8-44858037632F}.Debug|x86.ActiveCfg = Debug|Any CPU
		{3F019F1D-0496-4C55-B6C8-44858037632F}.Release|Any CPU.ActiveCfg = Release|Any CPU
		{3F019F1D-0496-4C55-B6C8-44858037632F}.Release|Mixed Platforms.ActiveCfg = Release|Any CPU
		{3F019F1D-0496-4C55-B6C8-44858037632F}.Release|Win32.ActiveCfg = Release|Any CPU
		{3F019F1D-0496-4C55-B6C8-44858037632F}.Release|x86.ActiveCfg = Release|Any CPU
		{50D62B48-1D0F-47AA-95E8-874388FF9CDB}.Debug|Any CPU.ActiveCfg = Debug|x86
		{50D62B48-1D0F-47AA-95E8-874388FF9CDB}.Debug|Mixed Platforms.ActiveCfg = Debug|x86
		{50D62B48-1D0F-47AA-95E8-874388FF9CDB}.Debug|Win32.ActiveCfg = Debug|x86
		{50D62B48-1D0F-47AA-95E8-874388FF9CDB}.Debug|x86.ActiveCfg = Debug|x86
		{50D62B48-1D0F-47AA-95E8-874388FF9CDB}.Debug|x86.Build.0 = Debug|x86
		{50D62B48-1D0F-47AA-95E8-874388FF9CDB}.Release|Any CPU.ActiveCfg = Release|x86
		{50D62B48-1D0F-47AA-95E8-874388FF9CDB}.Release|Mixed Platforms.ActiveCfg = Release|x86
		{50D62B48-1D0F-47AA-95E8-874388FF9CDB}.Release|Win32.ActiveCfg = Release|x86
		{50D62B48-1D0F-47AA-95E8-874388FF9CDB}.Release|x86.ActiveCfg = Release|x86
		{50D62B48-1D0F-47AA-95E8-874388FF9CDB}.Release|x86.Build.0 = Release|x86
		{8547534A-7F29-46C0-8685-DBA0F30FE126}.Debug|Any CPU.ActiveCfg = Debug|Any CPU
		{8547534A-7F29-46C0-8685-DBA0F30FE126}.Debug|Mixed Platforms.ActiveCfg = Debug|Any CPU
		{8547534A-7F29-46C0-8685-DBA0F30FE126}.Debug|Win32.ActiveCfg = Debug|Any CPU
		{8547534A-7F29-46C0-8685-DBA0F30FE126}.Debug|x86.ActiveCfg = Debug|Any CPU
		{8547534A-7F29-46C0-8685-DBA0F30FE126}.Release|Any CPU.ActiveCfg = Release|Any CPU
		{8547534A-7F29-46C0-8685-DBA0F30FE126}.Release|Mixed Platforms.ActiveCfg = Release|Any CPU
		{8547534A-7F29-46C0-8685-DBA0F30FE126}.Release|Win32.ActiveCfg = Release|Any CPU
		{8547534A-7F29-46C0-8685-DBA0F30FE126}.Release|x86.ActiveCfg = Release|Any CPU
		{637F899E-8558-4F9A-B6CF-47203A0D867D}.Debug|Any CPU.ActiveCfg = Debug|Any CPU
		{637F899E-8558-4F9A-B6CF-47203A0D867D}.Debug|Mixed Platforms.ActiveCfg = Debug|Any CPU
		{637F899E-8558-4F9A-B6CF-47203A0D867D}.Debug|Win32.ActiveCfg = Debug|Any CPU
		{637F899E-8558-4F9A-B6CF-47203A0D867D}.Debug|x86.ActiveCfg = Debug|Any CPU
		{637F899E-8558-4F9A-B6CF-47203A0D867D}.Release|Any CPU.ActiveCfg = Release|Any CPU
		{637F899E-8558-4F9A-B6CF-47203A0D867D}.Release|Mixed Platforms.ActiveCfg = Release|Any CPU
		{637F899E-8558-4F9A-B6CF-47203A0D867D}.Release|Win32.ActiveCfg = Release|Any CPU
		{637F899E-8558-4F9A-B6CF-47203A0D867D}.Release|x86.ActiveCfg = Release|Any CPU
		{8AD3171E-C525-4668-A08B-73488F99A447}.Debug|Any CPU.ActiveCfg = Debug|Any CPU
		{8AD3171E-C525-4668-A08B-73488F99A447}.Debug|Mixed Platforms.ActiveCfg = Debug|Any CPU
		{8AD3171E-C525-4668-A08B-73488F99A447}.Debug|Win32.ActiveCfg = Debug|Any CPU
		{8AD3171E-C525-4668-A08B-73488F99A447}.Debug|x86.ActiveCfg = Debug|Any CPU
		{8AD3171E-C525-4668-A08B-73488F99A447}.Release|Any CPU.ActiveCfg = Release|Any CPU
		{8AD3171E-C525-4668-A08B-73488F99A447}.Release|Mixed Platforms.ActiveCfg = Release|Any CPU
		{8AD3171E-C525-4668-A08B-73488F99A447}.Release|Win32.ActiveCfg = Release|Any CPU
		{8AD3171E-C525-4668-A08B-73488F99A447}.Release|x86.ActiveCfg = Release|Any CPU
		{A278C9B2-AF28-4335-B2D7-48D6DEBEF13B}.Debug|Any CPU.ActiveCfg = Debug|Any CPU
		{A278C9B2-AF28-4335-B2D7-48D6DEBEF13B}.Debug|Mixed Platforms.ActiveCfg = Debug|x86
		{A278C9B2-AF28-4335-B2D7-48D6DEBEF13B}.Debug|Win32.ActiveCfg = Debug|x86
		{A278C9B2-AF28-4335-B2D7-48D6DEBEF13B}.Debug|x86.ActiveCfg = Debug|x86
		{A278C9B2-AF28-4335-B2D7-48D6DEBEF13B}.Debug|x86.Build.0 = Debug|x86
		{A278C9B2-AF28-4335-B2D7-48D6DEBEF13B}.Release|Any CPU.ActiveCfg = Release|Any CPU
		{A278C9B2-AF28-4335-B2D7-48D6DEBEF13B}.Release|Mixed Platforms.ActiveCfg = Release|x86
		{A278C9B2-AF28-4335-B2D7-48D6DEBEF13B}.Release|Win32.ActiveCfg = Release|x86
		{A278C9B2-AF28-4335-B2D7-48D6DEBEF13B}.Release|x86.ActiveCfg = Release|x86
		{A278C9B2-AF28-4335-B2D7-48D6DEBEF13B}.Release|x86.Build.0 = Release|x86
		{7A57341C-01D4-41ED-B0B8-D356F2573354}.Debug|Any CPU.ActiveCfg = Debug|Any CPU
		{7A57341C-01D4-41ED-B0B8-D356F2573354}.Debug|Mixed Platforms.ActiveCfg = Debug|Any CPU
		{7A57341C-01D4-41ED-B0B8-D356F2573354}.Debug|Win32.ActiveCfg = Debug|Any CPU
		{7A57341C-01D4-41ED-B0B8-D356F2573354}.Debug|x86.ActiveCfg = Debug|Any CPU
		{7A57341C-01D4-41ED-B0B8-D356F2573354}.Release|Any CPU.ActiveCfg = Release|Any CPU
		{7A57341C-01D4-41ED-B0B8-D356F2573354}.Release|Mixed Platforms.ActiveCfg = Release|Any CPU
		{7A57341C-01D4-41ED-B0B8-D356F2573354}.Release|Win32.ActiveCfg = Release|Any CPU
		{7A57341C-01D4-41ED-B0B8-D356F2573354}.Release|x86.ActiveCfg = Release|Any CPU
		{76C7F289-43D5-4492-B302-3E2D5CB03AC9}.Debug|Any CPU.ActiveCfg = Debug|x86
		{76C7F289-43D5-4492-B302-3E2D5CB03AC9}.Debug|Mixed Platforms.ActiveCfg = Debug|x86
		{76C7F289-43D5-4492-B302-3E2D5CB03AC9}.Debug|Win32.ActiveCfg = Debug|x86
		{76C7F289-43D5-4492-B302-3E2D5CB03AC9}.Debug|x86.ActiveCfg = Debug|x86
		{76C7F289-43D5-4492-B302-3E2D5CB03AC9}.Debug|x86.Build.0 = Debug|x86
		{76C7F289-43D5-4492-B302-3E2D5CB03AC9}.Release|Any CPU.ActiveCfg = Release|x86
		{76C7F289-43D5-4492-B302-3E2D5CB03AC9}.Release|Mixed Platforms.ActiveCfg = Release|x86
		{76C7F289-43D5-4492-B302-3E2D5CB03AC9}.Release|Win32.ActiveCfg = Release|x86
		{76C7F289-43D5-4492-B302-3E2D5CB03AC9}.Release|x86.ActiveCfg = Release|x86
		{76C7F289-43D5-4492-B302-3E2D5CB03AC9}.Release|x86.Build.0 = Release|x86
		{AA80F348-DEE4-493C-ADC9-D80E4EB577CA}.Debug|Any CPU.ActiveCfg = Debug|x86
		{AA80F348-DEE4-493C-ADC9-D80E4EB577CA}.Debug|Mixed Platforms.ActiveCfg = Debug|x86
		{AA80F348-DEE4-493C-ADC9-D80E4EB577CA}.Debug|Win32.ActiveCfg = Debug|x86
		{AA80F348-DEE4-493C-ADC9-D80E4EB577CA}.Debug|x86.ActiveCfg = Debug|x86
		{AA80F348-DEE4-493C-ADC9-D80E4EB577CA}.Debug|x86.Build.0 = Debug|x86
		{AA80F348-DEE4-493C-ADC9-D80E4EB577CA}.Release|Any CPU.ActiveCfg = Release|x86
		{AA80F348-DEE4-493C-ADC9-D80E4EB577CA}.Release|Any CPU.Build.0 = Release|x86
		{AA80F348-DEE4-493C-ADC9-D80E4EB577CA}.Release|Mixed Platforms.ActiveCfg = Release|x86
		{AA80F348-DEE4-493C-ADC9-D80E4EB577CA}.Release|Win32.ActiveCfg = Release|x86
		{AA80F348-DEE4-493C-ADC9-D80E4EB577CA}.Release|x86.ActiveCfg = Release|x86
		{AA80F348-DEE4-493C-ADC9-D80E4EB577CA}.Release|x86.Build.0 = Release|x86
		{AC8295D2-495D-4DE4-A512-663E45413FCA}.Debug|Any CPU.ActiveCfg = Debug|x86
		{AC8295D2-495D-4DE4-A512-663E45413FCA}.Debug|Mixed Platforms.ActiveCfg = Debug|x86
		{AC8295D2-495D-4DE4-A512-663E45413FCA}.Debug|Win32.ActiveCfg = Debug|x86
		{AC8295D2-495D-4DE4-A512-663E45413FCA}.Debug|x86.ActiveCfg = Debug|x86
		{AC8295D2-495D-4DE4-A512-663E45413FCA}.Debug|x86.Build.0 = Debug|x86
		{AC8295D2-495D-4DE4-A512-663E45413FCA}.Release|Any CPU.ActiveCfg = Release|x86
		{AC8295D2-495D-4DE4-A512-663E45413FCA}.Release|Mixed Platforms.ActiveCfg = Release|x86
		{AC8295D2-495D-4DE4-A512-663E45413FCA}.Release|Win32.ActiveCfg = Release|x86
		{AC8295D2-495D-4DE4-A512-663E45413FCA}.Release|x86.ActiveCfg = Release|x86
		{AC8295D2-495D-4DE4-A512-663E45413FCA}.Release|x86.Build.0 = Release|x86
		{25BF0826-1F7F-4258-82A5-2EC6432D14D1}.Debug|Any CPU.ActiveCfg = Debug|Any CPU
		{25BF0826-1F7F-4258-82A5-2EC6432D14D1}.Debug|Mixed Platforms.ActiveCfg = Debug|Any CPU
		{25BF0826-1F7F-4258-82A5-2EC6432D14D1}.Debug|Win32.ActiveCfg = Debug|Any CPU
		{25BF0826-1F7F-4258-82A5-2EC6432D14D1}.Debug|x86.ActiveCfg = Debug|Any CPU
		{25BF0826-1F7F-4258-82A5-2EC6432D14D1}.Release|Any CPU.ActiveCfg = Release|Any CPU
		{25BF0826-1F7F-4258-82A5-2EC6432D14D1}.Release|Mixed Platforms.ActiveCfg = Release|Any CPU
		{25BF0826-1F7F-4258-82A5-2EC6432D14D1}.Release|Win32.ActiveCfg = Release|Any CPU
		{25BF0826-1F7F-4258-82A5-2EC6432D14D1}.Release|x86.ActiveCfg = Release|Any CPU
		{89BC5D6E-EAB3-42E0-8F7A-ECFA82D07ED7}.Debug|Any CPU.ActiveCfg = Debug|Any CPU
		{89BC5D6E-EAB3-42E0-8F7A-ECFA82D07ED7}.Debug|Mixed Platforms.ActiveCfg = Debug|Any CPU
		{89BC5D6E-EAB3-42E0-8F7A-ECFA82D07ED7}.Debug|Win32.ActiveCfg = Debug|Any CPU
		{89BC5D6E-EAB3-42E0-8F7A-ECFA82D07ED7}.Debug|x86.ActiveCfg = Debug|Any CPU
		{89BC5D6E-EAB3-42E0-8F7A-ECFA82D07ED7}.Release|Any CPU.ActiveCfg = Release|Any CPU
		{89BC5D6E-EAB3-42E0-8F7A-ECFA82D07ED7}.Release|Mixed Platforms.ActiveCfg = Release|Any CPU
		{89BC5D6E-EAB3-42E0-8F7A-ECFA82D07ED7}.Release|Win32.ActiveCfg = Release|Any CPU
		{89BC5D6E-EAB3-42E0-8F7A-ECFA82D07ED7}.Release|x86.ActiveCfg = Release|Any CPU
		{57DFE3EE-5B51-434D-B8B3-9BCA861013E2}.Debug|Any CPU.ActiveCfg = Debug|Any CPU
		{57DFE3EE-5B51-434D-B8B3-9BCA861013E2}.Debug|Mixed Platforms.ActiveCfg = Debug|Any CPU
		{57DFE3EE-5B51-434D-B8B3-9BCA861013E2}.Debug|Win32.ActiveCfg = Debug|Any CPU
		{57DFE3EE-5B51-434D-B8B3-9BCA861013E2}.Debug|x86.ActiveCfg = Debug|Any CPU
		{57DFE3EE-5B51-434D-B8B3-9BCA861013E2}.Release|Any CPU.ActiveCfg = Release|Any CPU
		{57DFE3EE-5B51-434D-B8B3-9BCA861013E2}.Release|Mixed Platforms.ActiveCfg = Release|Any CPU
		{57DFE3EE-5B51-434D-B8B3-9BCA861013E2}.Release|Win32.ActiveCfg = Release|Any CPU
		{57DFE3EE-5B51-434D-B8B3-9BCA861013E2}.Release|x86.ActiveCfg = Release|Any CPU
		{82A69107-BAC8-4D73-B4CC-3D962BBE019C}.Debug|Any CPU.ActiveCfg = Debug|Any CPU
		{82A69107-BAC8-4D73-B4CC-3D962BBE019C}.Debug|Mixed Platforms.ActiveCfg = Debug|Any CPU
		{82A69107-BAC8-4D73-B4CC-3D962BBE019C}.Debug|Win32.ActiveCfg = Debug|Any CPU
		{82A69107-BAC8-4D73-B4CC-3D962BBE019C}.Debug|x86.ActiveCfg = Debug|Any CPU
		{82A69107-BAC8-4D73-B4CC-3D962BBE019C}.Release|Any CPU.ActiveCfg = Release|Any CPU
		{82A69107-BAC8-4D73-B4CC-3D962BBE019C}.Release|Mixed Platforms.ActiveCfg = Release|Any CPU
		{82A69107-BAC8-4D73-B4CC-3D962BBE019C}.Release|Win32.ActiveCfg = Release|Any CPU
		{82A69107-BAC8-4D73-B4CC-3D962BBE019C}.Release|x86.ActiveCfg = Release|Any CPU
		{420EA5CD-F23B-4392-9CB6-3B400D40EF19}.Debug|Any CPU.ActiveCfg = Debug|Any CPU
		{420EA5CD-F23B-4392-9CB6-3B400D40EF19}.Debug|Mixed Platforms.ActiveCfg = Debug|Any CPU
		{420EA5CD-F23B-4392-9CB6-3B400D40EF19}.Debug|Win32.ActiveCfg = Debug|Any CPU
		{420EA5CD-F23B-4392-9CB6-3B400D40EF19}.Debug|x86.ActiveCfg = Debug|Any CPU
		{420EA5CD-F23B-4392-9CB6-3B400D40EF19}.Release|Any CPU.ActiveCfg = Release|Any CPU
		{420EA5CD-F23B-4392-9CB6-3B400D40EF19}.Release|Mixed Platforms.ActiveCfg = Release|Any CPU
		{420EA5CD-F23B-4392-9CB6-3B400D40EF19}.Release|Win32.ActiveCfg = Release|Any CPU
		{420EA5CD-F23B-4392-9CB6-3B400D40EF19}.Release|x86.ActiveCfg = Release|Any CPU
		{46B04238-8714-490D-9F2E-9963644EB393}.Debug|Any CPU.ActiveCfg = Debug|Any CPU
		{46B04238-8714-490D-9F2E-9963644EB393}.Debug|Mixed Platforms.ActiveCfg = Debug|Any CPU
		{46B04238-8714-490D-9F2E-9963644EB393}.Debug|Win32.ActiveCfg = Debug|Any CPU
		{46B04238-8714-490D-9F2E-9963644EB393}.Debug|x86.ActiveCfg = Debug|Any CPU
		{46B04238-8714-490D-9F2E-9963644EB393}.Release|Any CPU.ActiveCfg = Release|Any CPU
		{46B04238-8714-490D-9F2E-9963644EB393}.Release|Mixed Platforms.ActiveCfg = Release|Any CPU
		{46B04238-8714-490D-9F2E-9963644EB393}.Release|Win32.ActiveCfg = Release|Any CPU
		{46B04238-8714-490D-9F2E-9963644EB393}.Release|x86.ActiveCfg = Release|Any CPU
		{D7E7B810-D940-4EE3-A2D3-DEE4DCE0A694}.Debug|Any CPU.ActiveCfg = Debug|Any CPU
		{D7E7B810-D940-4EE3-A2D3-DEE4DCE0A694}.Debug|Mixed Platforms.ActiveCfg = Debug|Any CPU
		{D7E7B810-D940-4EE3-A2D3-DEE4DCE0A694}.Debug|Win32.ActiveCfg = Debug|Any CPU
		{D7E7B810-D940-4EE3-A2D3-DEE4DCE0A694}.Debug|x86.ActiveCfg = Debug|Any CPU
		{D7E7B810-D940-4EE3-A2D3-DEE4DCE0A694}.Release|Any CPU.ActiveCfg = Release|Any CPU
		{D7E7B810-D940-4EE3-A2D3-DEE4DCE0A694}.Release|Mixed Platforms.ActiveCfg = Release|Any CPU
		{D7E7B810-D940-4EE3-A2D3-DEE4DCE0A694}.Release|Win32.ActiveCfg = Release|Any CPU
		{D7E7B810-D940-4EE3-A2D3-DEE4DCE0A694}.Release|x86.ActiveCfg = Release|Any CPU
		{B5E7224E-CB10-4661-8944-B01DCFFC88FD}.Debug|Any CPU.ActiveCfg = Debug|Any CPU
		{B5E7224E-CB10-4661-8944-B01DCFFC88FD}.Debug|Mixed Platforms.ActiveCfg = Debug|Any CPU
		{B5E7224E-CB10-4661-8944-B01DCFFC88FD}.Debug|Win32.ActiveCfg = Debug|Any CPU
		{B5E7224E-CB10-4661-8944-B01DCFFC88FD}.Debug|x86.ActiveCfg = Debug|Any CPU
		{B5E7224E-CB10-4661-8944-B01DCFFC88FD}.Release|Any CPU.ActiveCfg = Release|Any CPU
		{B5E7224E-CB10-4661-8944-B01DCFFC88FD}.Release|Mixed Platforms.ActiveCfg = Release|Any CPU
		{B5E7224E-CB10-4661-8944-B01DCFFC88FD}.Release|Win32.ActiveCfg = Release|Any CPU
		{B5E7224E-CB10-4661-8944-B01DCFFC88FD}.Release|x86.ActiveCfg = Release|Any CPU
		{3C70980D-ED06-479D-9913-D9303B08FF35}.Debug|Any CPU.ActiveCfg = Debug|Any CPU
		{3C70980D-ED06-479D-9913-D9303B08FF35}.Debug|Any CPU.Build.0 = Debug|Any CPU
		{3C70980D-ED06-479D-9913-D9303B08FF35}.Debug|Mixed Platforms.ActiveCfg = Debug|Any CPU
		{3C70980D-ED06-479D-9913-D9303B08FF35}.Debug|Mixed Platforms.Build.0 = Debug|Any CPU
		{3C70980D-ED06-479D-9913-D9303B08FF35}.Debug|Win32.ActiveCfg = Debug|Any CPU
		{3C70980D-ED06-479D-9913-D9303B08FF35}.Debug|x86.ActiveCfg = Debug|Any CPU
		{3C70980D-ED06-479D-9913-D9303B08FF35}.Release|Any CPU.ActiveCfg = Release|Any CPU
		{3C70980D-ED06-479D-9913-D9303B08FF35}.Release|Any CPU.Build.0 = Release|Any CPU
		{3C70980D-ED06-479D-9913-D9303B08FF35}.Release|Mixed Platforms.ActiveCfg = Release|Any CPU
		{3C70980D-ED06-479D-9913-D9303B08FF35}.Release|Mixed Platforms.Build.0 = Release|Any CPU
		{3C70980D-ED06-479D-9913-D9303B08FF35}.Release|Win32.ActiveCfg = Release|Any CPU
		{3C70980D-ED06-479D-9913-D9303B08FF35}.Release|x86.ActiveCfg = Release|Any CPU
		{B4686D9A-B449-493A-B3EF-F303BF2AF621}.Debug|Any CPU.ActiveCfg = Debug|Any CPU
		{B4686D9A-B449-493A-B3EF-F303BF2AF621}.Debug|Mixed Platforms.ActiveCfg = Debug|Any CPU
		{B4686D9A-B449-493A-B3EF-F303BF2AF621}.Debug|Win32.ActiveCfg = Debug|Any CPU
		{B4686D9A-B449-493A-B3EF-F303BF2AF621}.Debug|x86.ActiveCfg = Debug|Any CPU
		{B4686D9A-B449-493A-B3EF-F303BF2AF621}.Release|Any CPU.ActiveCfg = Release|Any CPU
		{B4686D9A-B449-493A-B3EF-F303BF2AF621}.Release|Mixed Platforms.ActiveCfg = Release|Any CPU
		{B4686D9A-B449-493A-B3EF-F303BF2AF621}.Release|Win32.ActiveCfg = Release|Any CPU
		{B4686D9A-B449-493A-B3EF-F303BF2AF621}.Release|x86.ActiveCfg = Release|Any CPU
		{1A68FED3-0D80-45ED-B4AC-CC49ECCE4BD2}.Debug|Any CPU.ActiveCfg = Debug|Any CPU
		{1A68FED3-0D80-45ED-B4AC-CC49ECCE4BD2}.Debug|Mixed Platforms.ActiveCfg = Debug|Any CPU
		{1A68FED3-0D80-45ED-B4AC-CC49ECCE4BD2}.Debug|Win32.ActiveCfg = Debug|Any CPU
		{1A68FED3-0D80-45ED-B4AC-CC49ECCE4BD2}.Debug|x86.ActiveCfg = Debug|Any CPU
		{1A68FED3-0D80-45ED-B4AC-CC49ECCE4BD2}.Release|Any CPU.ActiveCfg = Release|Any CPU
		{1A68FED3-0D80-45ED-B4AC-CC49ECCE4BD2}.Release|Mixed Platforms.ActiveCfg = Release|Any CPU
		{1A68FED3-0D80-45ED-B4AC-CC49ECCE4BD2}.Release|Win32.ActiveCfg = Release|Any CPU
		{1A68FED3-0D80-45ED-B4AC-CC49ECCE4BD2}.Release|x86.ActiveCfg = Release|Any CPU
		{256A5179-4026-4935-B083-B0919D4910EA}.Debug|Any CPU.ActiveCfg = Debug|Any CPU
		{256A5179-4026-4935-B083-B0919D4910EA}.Debug|Any CPU.Build.0 = Debug|Any CPU
		{256A5179-4026-4935-B083-B0919D4910EA}.Debug|Mixed Platforms.ActiveCfg = Debug|Any CPU
		{256A5179-4026-4935-B083-B0919D4910EA}.Debug|Win32.ActiveCfg = Debug|Any CPU
		{256A5179-4026-4935-B083-B0919D4910EA}.Debug|x86.ActiveCfg = Debug|Any CPU
		{256A5179-4026-4935-B083-B0919D4910EA}.Release|Any CPU.ActiveCfg = Release|Any CPU
		{256A5179-4026-4935-B083-B0919D4910EA}.Release|Any CPU.Build.0 = Release|Any CPU
		{256A5179-4026-4935-B083-B0919D4910EA}.Release|Mixed Platforms.ActiveCfg = Release|Any CPU
		{256A5179-4026-4935-B083-B0919D4910EA}.Release|Win32.ActiveCfg = Release|Any CPU
		{256A5179-4026-4935-B083-B0919D4910EA}.Release|x86.ActiveCfg = Release|Any CPU
		{F8E842A2-E849-47E2-A58A-C068CC1FF00B}.Debug|Any CPU.ActiveCfg = Debug|x86
		{F8E842A2-E849-47E2-A58A-C068CC1FF00B}.Debug|Any CPU.Build.0 = Debug|x86
		{F8E842A2-E849-47E2-A58A-C068CC1FF00B}.Debug|Mixed Platforms.ActiveCfg = Debug|x86
		{F8E842A2-E849-47E2-A58A-C068CC1FF00B}.Debug|Win32.ActiveCfg = Debug|x86
		{F8E842A2-E849-47E2-A58A-C068CC1FF00B}.Debug|x86.ActiveCfg = Debug|x86
		{F8E842A2-E849-47E2-A58A-C068CC1FF00B}.Debug|x86.Build.0 = Debug|x86
		{F8E842A2-E849-47E2-A58A-C068CC1FF00B}.Release|Any CPU.ActiveCfg = Release|x86
		{F8E842A2-E849-47E2-A58A-C068CC1FF00B}.Release|Any CPU.Build.0 = Release|x86
		{F8E842A2-E849-47E2-A58A-C068CC1FF00B}.Release|Mixed Platforms.ActiveCfg = Release|x86
		{F8E842A2-E849-47E2-A58A-C068CC1FF00B}.Release|Win32.ActiveCfg = Release|x86
		{F8E842A2-E849-47E2-A58A-C068CC1FF00B}.Release|x86.ActiveCfg = Release|x86
		{F8E842A2-E849-47E2-A58A-C068CC1FF00B}.Release|x86.Build.0 = Release|x86
		{0F0F490B-B76F-4E97-B863-C4E505D5077B}.Debug|Any CPU.ActiveCfg = Debug|Any CPU
		{0F0F490B-B76F-4E97-B863-C4E505D5077B}.Debug|Any CPU.Build.0 = Debug|Any CPU
		{0F0F490B-B76F-4E97-B863-C4E505D5077B}.Debug|Mixed Platforms.ActiveCfg = Debug|Any CPU
		{0F0F490B-B76F-4E97-B863-C4E505D5077B}.Debug|Win32.ActiveCfg = Debug|Any CPU
		{0F0F490B-B76F-4E97-B863-C4E505D5077B}.Debug|x86.ActiveCfg = Debug|Any CPU
		{0F0F490B-B76F-4E97-B863-C4E505D5077B}.Release|Any CPU.ActiveCfg = Release|Any CPU
		{0F0F490B-B76F-4E97-B863-C4E505D5077B}.Release|Any CPU.Build.0 = Release|Any CPU
		{0F0F490B-B76F-4E97-B863-C4E505D5077B}.Release|Mixed Platforms.ActiveCfg = Release|Any CPU
		{0F0F490B-B76F-4E97-B863-C4E505D5077B}.Release|Win32.ActiveCfg = Release|Any CPU
		{0F0F490B-B76F-4E97-B863-C4E505D5077B}.Release|x86.ActiveCfg = Release|Any CPU
		{38E52861-5721-46A6-9754-204F34E71DA1}.Debug|Any CPU.ActiveCfg = Debug|Any CPU
		{38E52861-5721-46A6-9754-204F34E71DA1}.Debug|Any CPU.Build.0 = Debug|Any CPU
		{38E52861-5721-46A6-9754-204F34E71DA1}.Debug|Mixed Platforms.ActiveCfg = Debug|Any CPU
		{38E52861-5721-46A6-9754-204F34E71DA1}.Debug|Win32.ActiveCfg = Debug|Any CPU
		{38E52861-5721-46A6-9754-204F34E71DA1}.Debug|x86.ActiveCfg = Debug|Any CPU
		{38E52861-5721-46A6-9754-204F34E71DA1}.Release|Any CPU.ActiveCfg = Release|Any CPU
		{38E52861-5721-46A6-9754-204F34E71DA1}.Release|Any CPU.Build.0 = Release|Any CPU
		{38E52861-5721-46A6-9754-204F34E71DA1}.Release|Mixed Platforms.ActiveCfg = Release|Any CPU
		{38E52861-5721-46A6-9754-204F34E71DA1}.Release|Win32.ActiveCfg = Release|Any CPU
		{38E52861-5721-46A6-9754-204F34E71DA1}.Release|x86.ActiveCfg = Release|Any CPU
		{93F250D3-0FAD-4DEB-A118-0071844B2510}.Debug|Any CPU.ActiveCfg = Debug|Any CPU
		{93F250D3-0FAD-4DEB-A118-0071844B2510}.Debug|Any CPU.Build.0 = Debug|Any CPU
		{93F250D3-0FAD-4DEB-A118-0071844B2510}.Debug|Mixed Platforms.ActiveCfg = Debug|Any CPU
		{93F250D3-0FAD-4DEB-A118-0071844B2510}.Debug|Win32.ActiveCfg = Debug|Any CPU
		{93F250D3-0FAD-4DEB-A118-0071844B2510}.Debug|x86.ActiveCfg = Debug|Any CPU
		{93F250D3-0FAD-4DEB-A118-0071844B2510}.Release|Any CPU.ActiveCfg = Release|Any CPU
		{93F250D3-0FAD-4DEB-A118-0071844B2510}.Release|Any CPU.Build.0 = Release|Any CPU
		{93F250D3-0FAD-4DEB-A118-0071844B2510}.Release|Mixed Platforms.ActiveCfg = Release|Any CPU
		{93F250D3-0FAD-4DEB-A118-0071844B2510}.Release|Win32.ActiveCfg = Release|Any CPU
		{93F250D3-0FAD-4DEB-A118-0071844B2510}.Release|x86.ActiveCfg = Release|Any CPU
		{A93C21F2-C5CE-4C5D-8BE3-0D9935AC7714}.Debug|Any CPU.ActiveCfg = Debug|Any CPU
		{A93C21F2-C5CE-4C5D-8BE3-0D9935AC7714}.Debug|Any CPU.Build.0 = Debug|Any CPU
		{A93C21F2-C5CE-4C5D-8BE3-0D9935AC7714}.Debug|Mixed Platforms.ActiveCfg = Debug|Any CPU
		{A93C21F2-C5CE-4C5D-8BE3-0D9935AC7714}.Debug|Win32.ActiveCfg = Debug|Any CPU
		{A93C21F2-C5CE-4C5D-8BE3-0D9935AC7714}.Debug|x86.ActiveCfg = Debug|Any CPU
		{A93C21F2-C5CE-4C5D-8BE3-0D9935AC7714}.Release|Any CPU.ActiveCfg = Release|Any CPU
		{A93C21F2-C5CE-4C5D-8BE3-0D9935AC7714}.Release|Any CPU.Build.0 = Release|Any CPU
		{A93C21F2-C5CE-4C5D-8BE3-0D9935AC7714}.Release|Mixed Platforms.ActiveCfg = Release|Any CPU
		{A93C21F2-C5CE-4C5D-8BE3-0D9935AC7714}.Release|Win32.ActiveCfg = Release|Any CPU
		{A93C21F2-C5CE-4C5D-8BE3-0D9935AC7714}.Release|x86.ActiveCfg = Release|Any CPU
		{728B5CB9-2D34-423E-AB7B-4B19B7A25EC2}.Debug|Any CPU.ActiveCfg = Debug|Any CPU
		{728B5CB9-2D34-423E-AB7B-4B19B7A25EC2}.Debug|Any CPU.Build.0 = Debug|Any CPU
		{728B5CB9-2D34-423E-AB7B-4B19B7A25EC2}.Debug|Mixed Platforms.ActiveCfg = Debug|Any CPU
		{728B5CB9-2D34-423E-AB7B-4B19B7A25EC2}.Debug|Win32.ActiveCfg = Debug|Any CPU
		{728B5CB9-2D34-423E-AB7B-4B19B7A25EC2}.Debug|x86.ActiveCfg = Debug|Any CPU
		{728B5CB9-2D34-423E-AB7B-4B19B7A25EC2}.Release|Any CPU.ActiveCfg = Release|Any CPU
		{728B5CB9-2D34-423E-AB7B-4B19B7A25EC2}.Release|Any CPU.Build.0 = Release|Any CPU
		{728B5CB9-2D34-423E-AB7B-4B19B7A25EC2}.Release|Mixed Platforms.ActiveCfg = Release|Any CPU
		{728B5CB9-2D34-423E-AB7B-4B19B7A25EC2}.Release|Win32.ActiveCfg = Release|Any CPU
		{728B5CB9-2D34-423E-AB7B-4B19B7A25EC2}.Release|x86.ActiveCfg = Release|Any CPU
		{49BBA33E-0B08-4679-876B-83111850B328}.Debug|Any CPU.ActiveCfg = Debug|Any CPU
		{49BBA33E-0B08-4679-876B-83111850B328}.Debug|Any CPU.Build.0 = Debug|Any CPU
		{49BBA33E-0B08-4679-876B-83111850B328}.Debug|Mixed Platforms.ActiveCfg = Debug|Any CPU
		{49BBA33E-0B08-4679-876B-83111850B328}.Debug|Win32.ActiveCfg = Debug|Any CPU
		{49BBA33E-0B08-4679-876B-83111850B328}.Debug|x86.ActiveCfg = Debug|Any CPU
		{49BBA33E-0B08-4679-876B-83111850B328}.Release|Any CPU.ActiveCfg = Release|Any CPU
		{49BBA33E-0B08-4679-876B-83111850B328}.Release|Any CPU.Build.0 = Release|Any CPU
		{49BBA33E-0B08-4679-876B-83111850B328}.Release|Mixed Platforms.ActiveCfg = Release|Any CPU
		{49BBA33E-0B08-4679-876B-83111850B328}.Release|Win32.ActiveCfg = Release|Any CPU
		{49BBA33E-0B08-4679-876B-83111850B328}.Release|x86.ActiveCfg = Release|Any CPU
		{61F31560-785A-4FC0-9754-70E5ACA06D00}.Debug|Any CPU.ActiveCfg = Debug|Any CPU
		{61F31560-785A-4FC0-9754-70E5ACA06D00}.Debug|Any CPU.Build.0 = Debug|Any CPU
		{61F31560-785A-4FC0-9754-70E5ACA06D00}.Debug|Mixed Platforms.ActiveCfg = Debug|Any CPU
		{61F31560-785A-4FC0-9754-70E5ACA06D00}.Debug|Win32.ActiveCfg = Debug|Any CPU
		{61F31560-785A-4FC0-9754-70E5ACA06D00}.Debug|x86.ActiveCfg = Debug|Any CPU
		{61F31560-785A-4FC0-9754-70E5ACA06D00}.Release|Any CPU.ActiveCfg = Release|Any CPU
		{61F31560-785A-4FC0-9754-70E5ACA06D00}.Release|Any CPU.Build.0 = Release|Any CPU
		{61F31560-785A-4FC0-9754-70E5ACA06D00}.Release|Mixed Platforms.ActiveCfg = Release|Any CPU
		{61F31560-785A-4FC0-9754-70E5ACA06D00}.Release|Win32.ActiveCfg = Release|Any CPU
		{61F31560-785A-4FC0-9754-70E5ACA06D00}.Release|x86.ActiveCfg = Release|Any CPU
		{D9C4B52C-9122-49B2-ABEE-55F8AB964AA4}.Debug|Any CPU.ActiveCfg = Debug|Any CPU
		{D9C4B52C-9122-49B2-ABEE-55F8AB964AA4}.Debug|Any CPU.Build.0 = Debug|Any CPU
		{D9C4B52C-9122-49B2-ABEE-55F8AB964AA4}.Debug|Mixed Platforms.ActiveCfg = Debug|Any CPU
		{D9C4B52C-9122-49B2-ABEE-55F8AB964AA4}.Debug|Win32.ActiveCfg = Debug|Any CPU
		{D9C4B52C-9122-49B2-ABEE-55F8AB964AA4}.Debug|x86.ActiveCfg = Debug|Any CPU
		{D9C4B52C-9122-49B2-ABEE-55F8AB964AA4}.Release|Any CPU.ActiveCfg = Release|Any CPU
		{D9C4B52C-9122-49B2-ABEE-55F8AB964AA4}.Release|Any CPU.Build.0 = Release|Any CPU
		{D9C4B52C-9122-49B2-ABEE-55F8AB964AA4}.Release|Mixed Platforms.ActiveCfg = Release|Any CPU
		{D9C4B52C-9122-49B2-ABEE-55F8AB964AA4}.Release|Win32.ActiveCfg = Release|Any CPU
		{D9C4B52C-9122-49B2-ABEE-55F8AB964AA4}.Release|x86.ActiveCfg = Release|Any CPU
		{A03595E6-674C-409B-98D2-78252E4A835E}.Debug|Any CPU.ActiveCfg = Debug|Any CPU
		{A03595E6-674C-409B-98D2-78252E4A835E}.Debug|Any CPU.Build.0 = Debug|Any CPU
		{A03595E6-674C-409B-98D2-78252E4A835E}.Debug|Mixed Platforms.ActiveCfg = Debug|Any CPU
		{A03595E6-674C-409B-98D2-78252E4A835E}.Debug|Win32.ActiveCfg = Debug|Any CPU
		{A03595E6-674C-409B-98D2-78252E4A835E}.Debug|x86.ActiveCfg = Debug|Any CPU
		{A03595E6-674C-409B-98D2-78252E4A835E}.Release|Any CPU.ActiveCfg = Release|Any CPU
		{A03595E6-674C-409B-98D2-78252E4A835E}.Release|Any CPU.Build.0 = Release|Any CPU
		{A03595E6-674C-409B-98D2-78252E4A835E}.Release|Mixed Platforms.ActiveCfg = Release|Any CPU
		{A03595E6-674C-409B-98D2-78252E4A835E}.Release|Win32.ActiveCfg = Release|Any CPU
		{A03595E6-674C-409B-98D2-78252E4A835E}.Release|x86.ActiveCfg = Release|Any CPU
		{925CE865-94F2-4B88-BAE5-0B4303EFF8D2}.Debug|Any CPU.ActiveCfg = Debug|Any CPU
		{925CE865-94F2-4B88-BAE5-0B4303EFF8D2}.Debug|Any CPU.Build.0 = Debug|Any CPU
		{925CE865-94F2-4B88-BAE5-0B4303EFF8D2}.Debug|Mixed Platforms.ActiveCfg = Debug|Any CPU
		{925CE865-94F2-4B88-BAE5-0B4303EFF8D2}.Debug|Win32.ActiveCfg = Debug|Any CPU
		{925CE865-94F2-4B88-BAE5-0B4303EFF8D2}.Debug|x86.ActiveCfg = Debug|Any CPU
		{925CE865-94F2-4B88-BAE5-0B4303EFF8D2}.Release|Any CPU.ActiveCfg = Release|Any CPU
		{925CE865-94F2-4B88-BAE5-0B4303EFF8D2}.Release|Any CPU.Build.0 = Release|Any CPU
		{925CE865-94F2-4B88-BAE5-0B4303EFF8D2}.Release|Mixed Platforms.ActiveCfg = Release|Any CPU
		{925CE865-94F2-4B88-BAE5-0B4303EFF8D2}.Release|Win32.ActiveCfg = Release|Any CPU
		{925CE865-94F2-4B88-BAE5-0B4303EFF8D2}.Release|x86.ActiveCfg = Release|Any CPU
		{9641E261-EC6D-4333-81EE-885A3C2207F7}.Debug|Any CPU.ActiveCfg = Debug|Any CPU
		{9641E261-EC6D-4333-81EE-885A3C2207F7}.Debug|Any CPU.Build.0 = Debug|Any CPU
		{9641E261-EC6D-4333-81EE-885A3C2207F7}.Debug|Mixed Platforms.ActiveCfg = Debug|Any CPU
		{9641E261-EC6D-4333-81EE-885A3C2207F7}.Debug|Win32.ActiveCfg = Debug|Any CPU
		{9641E261-EC6D-4333-81EE-885A3C2207F7}.Debug|x86.ActiveCfg = Debug|Any CPU
		{9641E261-EC6D-4333-81EE-885A3C2207F7}.Release|Any CPU.ActiveCfg = Release|Any CPU
		{9641E261-EC6D-4333-81EE-885A3C2207F7}.Release|Any CPU.Build.0 = Release|Any CPU
		{9641E261-EC6D-4333-81EE-885A3C2207F7}.Release|Mixed Platforms.ActiveCfg = Release|Any CPU
		{9641E261-EC6D-4333-81EE-885A3C2207F7}.Release|Win32.ActiveCfg = Release|Any CPU
		{9641E261-EC6D-4333-81EE-885A3C2207F7}.Release|x86.ActiveCfg = Release|Any CPU
		{870B6226-EFD5-4FE6-A8F7-DC578AB007FE}.Debug|Any CPU.ActiveCfg = Debug|x86
		{870B6226-EFD5-4FE6-A8F7-DC578AB007FE}.Debug|Mixed Platforms.ActiveCfg = Debug|x86
		{870B6226-EFD5-4FE6-A8F7-DC578AB007FE}.Debug|Win32.ActiveCfg = Debug|x86
		{870B6226-EFD5-4FE6-A8F7-DC578AB007FE}.Debug|x86.ActiveCfg = Debug|x86
		{870B6226-EFD5-4FE6-A8F7-DC578AB007FE}.Debug|x86.Build.0 = Debug|x86
		{870B6226-EFD5-4FE6-A8F7-DC578AB007FE}.Release|Any CPU.ActiveCfg = Release|x86
		{870B6226-EFD5-4FE6-A8F7-DC578AB007FE}.Release|Mixed Platforms.ActiveCfg = Release|x86
		{870B6226-EFD5-4FE6-A8F7-DC578AB007FE}.Release|Win32.ActiveCfg = Release|x86
		{870B6226-EFD5-4FE6-A8F7-DC578AB007FE}.Release|x86.ActiveCfg = Release|x86
		{870B6226-EFD5-4FE6-A8F7-DC578AB007FE}.Release|x86.Build.0 = Release|x86
		{EC330A2B-BFB2-4F2C-8B05-63B91F12F64D}.Debug|Any CPU.ActiveCfg = Debug|x86
		{EC330A2B-BFB2-4F2C-8B05-63B91F12F64D}.Debug|Mixed Platforms.ActiveCfg = Debug|x86
		{EC330A2B-BFB2-4F2C-8B05-63B91F12F64D}.Debug|Win32.ActiveCfg = Debug|x86
		{EC330A2B-BFB2-4F2C-8B05-63B91F12F64D}.Debug|x86.ActiveCfg = Debug|x86
		{EC330A2B-BFB2-4F2C-8B05-63B91F12F64D}.Debug|x86.Build.0 = Debug|x86
		{EC330A2B-BFB2-4F2C-8B05-63B91F12F64D}.Release|Any CPU.ActiveCfg = Release|x86
		{EC330A2B-BFB2-4F2C-8B05-63B91F12F64D}.Release|Mixed Platforms.ActiveCfg = Release|x86
		{EC330A2B-BFB2-4F2C-8B05-63B91F12F64D}.Release|Win32.ActiveCfg = Release|x86
		{EC330A2B-BFB2-4F2C-8B05-63B91F12F64D}.Release|x86.ActiveCfg = Release|x86
		{EC330A2B-BFB2-4F2C-8B05-63B91F12F64D}.Release|x86.Build.0 = Release|x86
		{CC7C6F73-E06C-47E0-8862-97F58DEDED8F}.Debug|Any CPU.ActiveCfg = Debug|x86
		{CC7C6F73-E06C-47E0-8862-97F58DEDED8F}.Debug|Mixed Platforms.ActiveCfg = Debug|x86
		{CC7C6F73-E06C-47E0-8862-97F58DEDED8F}.Debug|Win32.ActiveCfg = Debug|x86
		{CC7C6F73-E06C-47E0-8862-97F58DEDED8F}.Debug|x86.ActiveCfg = Debug|x86
		{CC7C6F73-E06C-47E0-8862-97F58DEDED8F}.Debug|x86.Build.0 = Debug|x86
		{CC7C6F73-E06C-47E0-8862-97F58DEDED8F}.Release|Any CPU.ActiveCfg = Release|x86
		{CC7C6F73-E06C-47E0-8862-97F58DEDED8F}.Release|Mixed Platforms.ActiveCfg = Release|x86
		{CC7C6F73-E06C-47E0-8862-97F58DEDED8F}.Release|Win32.ActiveCfg = Release|x86
		{CC7C6F73-E06C-47E0-8862-97F58DEDED8F}.Release|x86.ActiveCfg = Release|x86
		{CC7C6F73-E06C-47E0-8862-97F58DEDED8F}.Release|x86.Build.0 = Release|x86
		{E6092E97-25C6-40FD-A5DA-FF4A9B12281E}.Debug|Any CPU.ActiveCfg = Debug|x86
		{E6092E97-25C6-40FD-A5DA-FF4A9B12281E}.Debug|Mixed Platforms.ActiveCfg = Debug|x86
		{E6092E97-25C6-40FD-A5DA-FF4A9B12281E}.Debug|Win32.ActiveCfg = Debug|x86
		{E6092E97-25C6-40FD-A5DA-FF4A9B12281E}.Debug|x86.ActiveCfg = Debug|x86
		{E6092E97-25C6-40FD-A5DA-FF4A9B12281E}.Debug|x86.Build.0 = Debug|x86
		{E6092E97-25C6-40FD-A5DA-FF4A9B12281E}.Release|Any CPU.ActiveCfg = Release|x86
		{E6092E97-25C6-40FD-A5DA-FF4A9B12281E}.Release|Mixed Platforms.ActiveCfg = Release|x86
		{E6092E97-25C6-40FD-A5DA-FF4A9B12281E}.Release|Win32.ActiveCfg = Release|x86
		{E6092E97-25C6-40FD-A5DA-FF4A9B12281E}.Release|x86.ActiveCfg = Release|x86
		{E6092E97-25C6-40FD-A5DA-FF4A9B12281E}.Release|x86.Build.0 = Release|x86
		{9D074EE8-DE8B-4780-9093-434D78E46742}.Debug|Any CPU.ActiveCfg = Debug|Any CPU
		{9D074EE8-DE8B-4780-9093-434D78E46742}.Debug|Any CPU.Build.0 = Debug|Any CPU
		{9D074EE8-DE8B-4780-9093-434D78E46742}.Debug|Mixed Platforms.ActiveCfg = Debug|Any CPU
		{9D074EE8-DE8B-4780-9093-434D78E46742}.Debug|Win32.ActiveCfg = Debug|Any CPU
		{9D074EE8-DE8B-4780-9093-434D78E46742}.Debug|x86.ActiveCfg = Debug|Any CPU
		{9D074EE8-DE8B-4780-9093-434D78E46742}.Release|Any CPU.ActiveCfg = Release|Any CPU
		{9D074EE8-DE8B-4780-9093-434D78E46742}.Release|Any CPU.Build.0 = Release|Any CPU
		{9D074EE8-DE8B-4780-9093-434D78E46742}.Release|Mixed Platforms.ActiveCfg = Release|Any CPU
		{9D074EE8-DE8B-4780-9093-434D78E46742}.Release|Win32.ActiveCfg = Release|Any CPU
		{9D074EE8-DE8B-4780-9093-434D78E46742}.Release|x86.ActiveCfg = Release|Any CPU
		{BCE23310-B365-410F-9851-C730D7851DBC}.Debug|Any CPU.ActiveCfg = Debug|Any CPU
		{BCE23310-B365-410F-9851-C730D7851DBC}.Debug|Any CPU.Build.0 = Debug|Any CPU
		{BCE23310-B365-410F-9851-C730D7851DBC}.Debug|Mixed Platforms.ActiveCfg = Debug|Any CPU
		{BCE23310-B365-410F-9851-C730D7851DBC}.Debug|Win32.ActiveCfg = Debug|Any CPU
		{BCE23310-B365-410F-9851-C730D7851DBC}.Debug|x86.ActiveCfg = Debug|Any CPU
		{BCE23310-B365-410F-9851-C730D7851DBC}.Release|Any CPU.ActiveCfg = Release|Any CPU
		{BCE23310-B365-410F-9851-C730D7851DBC}.Release|Any CPU.Build.0 = Release|Any CPU
		{BCE23310-B365-410F-9851-C730D7851DBC}.Release|Mixed Platforms.ActiveCfg = Release|Any CPU
		{BCE23310-B365-410F-9851-C730D7851DBC}.Release|Win32.ActiveCfg = Release|Any CPU
		{BCE23310-B365-410F-9851-C730D7851DBC}.Release|x86.ActiveCfg = Release|Any CPU
		{7D64CA57-02BE-4CEC-8766-7BD1B53E8A2D}.Debug|Any CPU.ActiveCfg = Debug|Any CPU
		{7D64CA57-02BE-4CEC-8766-7BD1B53E8A2D}.Debug|Any CPU.Build.0 = Debug|Any CPU
		{7D64CA57-02BE-4CEC-8766-7BD1B53E8A2D}.Debug|Mixed Platforms.ActiveCfg = Debug|Any CPU
		{7D64CA57-02BE-4CEC-8766-7BD1B53E8A2D}.Debug|Win32.ActiveCfg = Debug|Any CPU
		{7D64CA57-02BE-4CEC-8766-7BD1B53E8A2D}.Debug|x86.ActiveCfg = Debug|Any CPU
		{7D64CA57-02BE-4CEC-8766-7BD1B53E8A2D}.Release|Any CPU.ActiveCfg = Release|Any CPU
		{7D64CA57-02BE-4CEC-8766-7BD1B53E8A2D}.Release|Any CPU.Build.0 = Release|Any CPU
		{7D64CA57-02BE-4CEC-8766-7BD1B53E8A2D}.Release|Mixed Platforms.ActiveCfg = Release|Any CPU
		{7D64CA57-02BE-4CEC-8766-7BD1B53E8A2D}.Release|Win32.ActiveCfg = Release|Any CPU
		{7D64CA57-02BE-4CEC-8766-7BD1B53E8A2D}.Release|x86.ActiveCfg = Release|Any CPU
		{064FAE38-4189-42BC-B999-14906FBA880B}.Debug|Any CPU.ActiveCfg = Debug|Any CPU
		{064FAE38-4189-42BC-B999-14906FBA880B}.Debug|Any CPU.Build.0 = Debug|Any CPU
		{064FAE38-4189-42BC-B999-14906FBA880B}.Debug|Mixed Platforms.ActiveCfg = Debug|Any CPU
		{064FAE38-4189-42BC-B999-14906FBA880B}.Debug|Win32.ActiveCfg = Debug|Any CPU
		{064FAE38-4189-42BC-B999-14906FBA880B}.Debug|Win32.Build.0 = Debug|Any CPU
		{064FAE38-4189-42BC-B999-14906FBA880B}.Debug|x86.ActiveCfg = Debug|Any CPU
		{064FAE38-4189-42BC-B999-14906FBA880B}.Debug|x86.Build.0 = Debug|Any CPU
		{064FAE38-4189-42BC-B999-14906FBA880B}.Release|Any CPU.ActiveCfg = Release|Any CPU
		{064FAE38-4189-42BC-B999-14906FBA880B}.Release|Any CPU.Build.0 = Release|Any CPU
		{064FAE38-4189-42BC-B999-14906FBA880B}.Release|Mixed Platforms.ActiveCfg = Release|Any CPU
		{064FAE38-4189-42BC-B999-14906FBA880B}.Release|Win32.ActiveCfg = Release|Any CPU
		{064FAE38-4189-42BC-B999-14906FBA880B}.Release|Win32.Build.0 = Release|Any CPU
		{064FAE38-4189-42BC-B999-14906FBA880B}.Release|x86.ActiveCfg = Release|Any CPU
		{064FAE38-4189-42BC-B999-14906FBA880B}.Release|x86.Build.0 = Release|Any CPU
		{47C14B49-6FDA-48C4-AF1E-86C61BDBB915}.Debug|Any CPU.ActiveCfg = Debug|Any CPU
		{47C14B49-6FDA-48C4-AF1E-86C61BDBB915}.Debug|Any CPU.Build.0 = Debug|Any CPU
		{47C14B49-6FDA-48C4-AF1E-86C61BDBB915}.Debug|Mixed Platforms.ActiveCfg = Debug|Any CPU
		{47C14B49-6FDA-48C4-AF1E-86C61BDBB915}.Debug|Win32.ActiveCfg = Debug|Any CPU
		{47C14B49-6FDA-48C4-AF1E-86C61BDBB915}.Debug|Win32.Build.0 = Debug|Any CPU
		{47C14B49-6FDA-48C4-AF1E-86C61BDBB915}.Debug|x86.ActiveCfg = Debug|Any CPU
		{47C14B49-6FDA-48C4-AF1E-86C61BDBB915}.Debug|x86.Build.0 = Debug|Any CPU
		{47C14B49-6FDA-48C4-AF1E-86C61BDBB915}.Release|Any CPU.ActiveCfg = Release|Any CPU
		{47C14B49-6FDA-48C4-AF1E-86C61BDBB915}.Release|Any CPU.Build.0 = Release|Any CPU
		{47C14B49-6FDA-48C4-AF1E-86C61BDBB915}.Release|Mixed Platforms.ActiveCfg = Release|Any CPU
		{47C14B49-6FDA-48C4-AF1E-86C61BDBB915}.Release|Win32.ActiveCfg = Release|Any CPU
		{47C14B49-6FDA-48C4-AF1E-86C61BDBB915}.Release|Win32.Build.0 = Release|Any CPU
		{47C14B49-6FDA-48C4-AF1E-86C61BDBB915}.Release|x86.ActiveCfg = Release|Any CPU
		{47C14B49-6FDA-48C4-AF1E-86C61BDBB915}.Release|x86.Build.0 = Release|Any CPU
		{2DFB0075-394E-4BB6-B8EB-18E3C1FB6E11}.Debug|Any CPU.ActiveCfg = Debug|Any CPU
		{2DFB0075-394E-4BB6-B8EB-18E3C1FB6E11}.Debug|Any CPU.Build.0 = Debug|Any CPU
		{2DFB0075-394E-4BB6-B8EB-18E3C1FB6E11}.Debug|Mixed Platforms.ActiveCfg = Debug|Any CPU
		{2DFB0075-394E-4BB6-B8EB-18E3C1FB6E11}.Debug|Win32.ActiveCfg = Debug|Any CPU
		{2DFB0075-394E-4BB6-B8EB-18E3C1FB6E11}.Debug|Win32.Build.0 = Debug|Any CPU
		{2DFB0075-394E-4BB6-B8EB-18E3C1FB6E11}.Debug|x86.ActiveCfg = Debug|Any CPU
		{2DFB0075-394E-4BB6-B8EB-18E3C1FB6E11}.Debug|x86.Build.0 = Debug|Any CPU
		{2DFB0075-394E-4BB6-B8EB-18E3C1FB6E11}.Release|Any CPU.ActiveCfg = Release|Any CPU
		{2DFB0075-394E-4BB6-B8EB-18E3C1FB6E11}.Release|Any CPU.Build.0 = Release|Any CPU
		{2DFB0075-394E-4BB6-B8EB-18E3C1FB6E11}.Release|Mixed Platforms.ActiveCfg = Release|Any CPU
		{2DFB0075-394E-4BB6-B8EB-18E3C1FB6E11}.Release|Win32.ActiveCfg = Release|Any CPU
		{2DFB0075-394E-4BB6-B8EB-18E3C1FB6E11}.Release|Win32.Build.0 = Release|Any CPU
		{2DFB0075-394E-4BB6-B8EB-18E3C1FB6E11}.Release|x86.ActiveCfg = Release|Any CPU
		{2DFB0075-394E-4BB6-B8EB-18E3C1FB6E11}.Release|x86.Build.0 = Release|Any CPU
		{A7120E89-BC6B-4DC6-9454-7B6A230CAC93}.Debug|Any CPU.ActiveCfg = Debug|Any CPU
		{A7120E89-BC6B-4DC6-9454-7B6A230CAC93}.Debug|Any CPU.Build.0 = Debug|Any CPU
		{A7120E89-BC6B-4DC6-9454-7B6A230CAC93}.Debug|Mixed Platforms.ActiveCfg = Debug|Any CPU
		{A7120E89-BC6B-4DC6-9454-7B6A230CAC93}.Debug|Win32.ActiveCfg = Debug|Any CPU
		{A7120E89-BC6B-4DC6-9454-7B6A230CAC93}.Debug|Win32.Build.0 = Debug|Any CPU
		{A7120E89-BC6B-4DC6-9454-7B6A230CAC93}.Debug|x86.ActiveCfg = Debug|Any CPU
		{A7120E89-BC6B-4DC6-9454-7B6A230CAC93}.Debug|x86.Build.0 = Debug|Any CPU
		{A7120E89-BC6B-4DC6-9454-7B6A230CAC93}.Release|Any CPU.ActiveCfg = Release|Any CPU
		{A7120E89-BC6B-4DC6-9454-7B6A230CAC93}.Release|Any CPU.Build.0 = Release|Any CPU
		{A7120E89-BC6B-4DC6-9454-7B6A230CAC93}.Release|Mixed Platforms.ActiveCfg = Release|Any CPU
		{A7120E89-BC6B-4DC6-9454-7B6A230CAC93}.Release|Win32.ActiveCfg = Release|Any CPU
		{A7120E89-BC6B-4DC6-9454-7B6A230CAC93}.Release|Win32.Build.0 = Release|Any CPU
		{A7120E89-BC6B-4DC6-9454-7B6A230CAC93}.Release|x86.ActiveCfg = Release|Any CPU
		{A7120E89-BC6B-4DC6-9454-7B6A230CAC93}.Release|x86.Build.0 = Release|Any CPU
		{2CD39A5E-95F6-4271-83BC-5D898BF870E3}.Debug|Any CPU.ActiveCfg = Debug|Any CPU
		{2CD39A5E-95F6-4271-83BC-5D898BF870E3}.Debug|Any CPU.Build.0 = Debug|Any CPU
		{2CD39A5E-95F6-4271-83BC-5D898BF870E3}.Debug|Mixed Platforms.ActiveCfg = Debug|Any CPU
		{2CD39A5E-95F6-4271-83BC-5D898BF870E3}.Debug|Win32.ActiveCfg = Debug|Any CPU
		{2CD39A5E-95F6-4271-83BC-5D898BF870E3}.Debug|Win32.Build.0 = Debug|Any CPU
		{2CD39A5E-95F6-4271-83BC-5D898BF870E3}.Debug|x86.ActiveCfg = Debug|Any CPU
		{2CD39A5E-95F6-4271-83BC-5D898BF870E3}.Debug|x86.Build.0 = Debug|Any CPU
		{2CD39A5E-95F6-4271-83BC-5D898BF870E3}.Release|Any CPU.ActiveCfg = Release|Any CPU
		{2CD39A5E-95F6-4271-83BC-5D898BF870E3}.Release|Any CPU.Build.0 = Release|Any CPU
		{2CD39A5E-95F6-4271-83BC-5D898BF870E3}.Release|Mixed Platforms.ActiveCfg = Release|Any CPU
		{2CD39A5E-95F6-4271-83BC-5D898BF870E3}.Release|Win32.ActiveCfg = Release|Any CPU
		{2CD39A5E-95F6-4271-83BC-5D898BF870E3}.Release|Win32.Build.0 = Release|Any CPU
		{2CD39A5E-95F6-4271-83BC-5D898BF870E3}.Release|x86.ActiveCfg = Release|Any CPU
		{2CD39A5E-95F6-4271-83BC-5D898BF870E3}.Release|x86.Build.0 = Release|Any CPU
		{D4D63FB1-72F4-453F-8018-D99C58A75817}.Debug|Any CPU.ActiveCfg = Debug|x86
		{D4D63FB1-72F4-453F-8018-D99C58A75817}.Debug|Mixed Platforms.ActiveCfg = Debug|x86
		{D4D63FB1-72F4-453F-8018-D99C58A75817}.Debug|Win32.ActiveCfg = Debug|x86
		{D4D63FB1-72F4-453F-8018-D99C58A75817}.Debug|Win32.Build.0 = Debug|x86
		{D4D63FB1-72F4-453F-8018-D99C58A75817}.Debug|x86.ActiveCfg = Debug|x86
		{D4D63FB1-72F4-453F-8018-D99C58A75817}.Debug|x86.Build.0 = Debug|x86
		{D4D63FB1-72F4-453F-8018-D99C58A75817}.Release|Any CPU.ActiveCfg = Release|x86
		{D4D63FB1-72F4-453F-8018-D99C58A75817}.Release|Mixed Platforms.ActiveCfg = Release|x86
		{D4D63FB1-72F4-453F-8018-D99C58A75817}.Release|Win32.ActiveCfg = Release|x86
		{D4D63FB1-72F4-453F-8018-D99C58A75817}.Release|Win32.Build.0 = Release|x86
		{D4D63FB1-72F4-453F-8018-D99C58A75817}.Release|x86.ActiveCfg = Release|x86
		{D4D63FB1-72F4-453F-8018-D99C58A75817}.Release|x86.Build.0 = Release|x86
	EndGlobalSection
	GlobalSection(SolutionProperties) = preSolution
		HideSolutionNode = FALSE
	EndGlobalSection
EndGlobal
