
Microsoft Visual Studio Solution File, Format Version 12.00
# Visual Studio 14
VisualStudioVersion = 14.0.25420.1
MinimumVisualStudioVersion = 10.0.40219.1
Project("{FAE04EC0-301F-11D3-BF4B-00C04F79EFBC}") = "TimeAttendanceInternetIS", "TimeAttendanceInternetIS\TimeAttendanceInternetIS.csproj", "{53E077AF-AA2A-45DD-8E83-F07E1D9570E4}"
EndProject
Project("{FAE04EC0-301F-11D3-BF4B-00C04F79EFBC}") = "DownloadFiles", "DownloadFiles\DownloadFiles.csproj", "{870B6226-EFD5-4FE6-A8F7-DC578AB007FE}"
EndProject
Project("{FAE04EC0-301F-11D3-BF4B-00C04F79EFBC}") = "PasswordChange", "PasswordChange\PasswordChange.csproj", "{E6092E97-25C6-40FD-A5DA-FF4A9B12281E}"
EndProject
Project("{FAE04EC0-301F-11D3-BF4B-00C04F79EFBC}") = "DateLoad", "DateLoad\DateLoad.csproj", "{CA3108F6-41C3-4204-8165-91A3552E9F91}"
EndProject
Project("{FAE04EC0-301F-11D3-BF4B-00C04F79EFBC}") = "SetupLocalWebServer", "SetupLocalWebServer\SetupLocalWebServer.csproj", "{C4477390-666C-4F3A-895A-E2F1711B4FFA}"
EndProject
Project("{FAE04EC0-301F-11D3-BF4B-00C04F79EFBC}") = "DataUpload", "DataUpload\DataUpload.csproj", "{AA3A3A00-9B9C-41A5-8CF0-6D8A94792153}"
EndProject
Project("{FAE04EC0-301F-11D3-BF4B-00C04F79EFBC}") = "DataDownload", "DataDownload\DataDownload.csproj", "{CBED8556-2E28-43A4-BD4A-B619D745195F}"
EndProject
Project("{FAE04EC0-301F-11D3-BF4B-00C04F79EFBC}") = "busUser", "busUser\busUser.csproj", "{A8DC0C89-CB85-4DC0-B5BA-B11537898AEF}"
EndProject
Project("{FAE04EC0-301F-11D3-BF4B-00C04F79EFBC}") = "User", "User\User.csproj", "{19A578CD-62B1-4B60-9E41-E0B9B7E13A2C}"
EndProject
Project("{FAE04EC0-301F-11D3-BF4B-00C04F79EFBC}") = "busUserEmployeeLink", "busUserEmployeeLink\busUserEmployeeLink.csproj", "{1E9B0417-BE77-4B67-8DD7-ADB1CF5B5FF2}"
EndProject
Project("{FAE04EC0-301F-11D3-BF4B-00C04F79EFBC}") = "UserEmployeeLink", "UserEmployeeLink\UserEmployeeLink.csproj", "{092E0D47-1C15-4972-9FD0-C4A09F55DF2F}"
EndProject
Project("{FAE04EC0-301F-11D3-BF4B-00C04F79EFBC}") = "busPublicHoliday", "busPublicHoliday\busPublicHoliday.csproj", "{5F2F210D-E41A-48AF-A0A7-25E117FFE19D}"
EndProject
Project("{FAE04EC0-301F-11D3-BF4B-00C04F79EFBC}") = "PublicHoliday", "PublicHoliday\PublicHoliday.csproj", "{F534DDDE-E78A-4ACF-8C28-746A87670B3E}"
EndProject
Project("{FAE04EC0-301F-11D3-BF4B-00C04F79EFBC}") = "TimeAttendanceCompany", "TimeAttendanceCompany\TimeAttendanceCompany.csproj", "{D8A632FA-9118-4A00-ACB2-33207DE1783A}"
EndProject
Project("{FAE04EC0-301F-11D3-BF4B-00C04F79EFBC}") = "CostCentre", "CostCentre\CostCentre.csproj", "{BEA70C7E-2B9D-4771-8BB5-9084AC3F4E81}"
EndProject
Project("{FAE04EC0-301F-11D3-BF4B-00C04F79EFBC}") = "OccupationDepartment", "OccupationDepartment\OccupationDepartment.csproj", "{71816A34-3879-4758-8EED-D571E8F2ABB4}"
EndProject
Project("{FAE04EC0-301F-11D3-BF4B-00C04F79EFBC}") = "OccupationDepartmentLink", "OccupationDepartmentLink\OccupationDepartmentLink.csproj", "{77FA02EA-3526-41BC-801D-F98BCD9CD5D2}"
EndProject
Project("{FAE04EC0-301F-11D3-BF4B-00C04F79EFBC}") = "TimeAttendanceEmployee", "TimeAttendanceEmployee\TimeAttendanceEmployee.csproj", "{DC107887-3CC4-40E9-B137-FDD5EADF2749}"
EndProject
Project("{FAE04EC0-301F-11D3-BF4B-00C04F79EFBC}") = "Calender", "Calender\Calender.csproj", "{306141B8-C426-453A-A6A7-1D08FC692EF8}"
EndProject
Project("{FAE04EC0-301F-11D3-BF4B-00C04F79EFBC}") = "PasswordReset", "PasswordReset\PasswordReset.csproj", "{A5EBBF39-1B92-4717-9C9A-F161E0A5DC0C}"
EndProject
Project("{FAE04EC0-301F-11D3-BF4B-00C04F79EFBC}") = "EmployeeActivateSelection", "EmployeeActivateSelection\EmployeeActivateSelection.csproj", "{8CFB4E00-4ED0-4AD9-A809-4ED7AEA3F928}"
EndProject
Project("{FAE04EC0-301F-11D3-BF4B-00C04F79EFBC}") = "busTimeSheet", "busTimeSheet\busTimeSheet.csproj", "{C2D4DADC-1F41-4F19-9DCF-0F82E0F4270A}"
EndProject
Project("{FAE04EC0-301F-11D3-BF4B-00C04F79EFBC}") = "TimeSheet", "TimeSheet\TimeSheet.csproj", "{19806D9B-0BB9-477D-A1D8-BB14F3620F34}"
EndProject
Project("{FAE04EC0-301F-11D3-BF4B-00C04F79EFBC}") = "busTimeSheetBatch", "busTimeSheetBatch\busTimeSheetBatch.csproj", "{D16212EB-23B7-4FF4-BD3A-27DFD266E85E}"
EndProject
Project("{FAE04EC0-301F-11D3-BF4B-00C04F79EFBC}") = "TimeSheetBatch", "TimeSheetBatch\TimeSheetBatch.csproj", "{A93B95D6-9887-4E29-9098-24E1586ECF1F}"
EndProject
Project("{FAE04EC0-301F-11D3-BF4B-00C04F79EFBC}") = "OpenPayrollRun", "OpenPayrollRun\OpenPayrollRun.csproj", "{A552E7E6-2E55-47C3-947D-CC08EF6D28C4}"
EndProject
Project("{FAE04EC0-301F-11D3-BF4B-00C04F79EFBC}") = "busTimeAttendanceRun", "busTimeAttendanceRun\busTimeAttendanceRun.csproj", "{713604F0-AE27-4E72-88DC-6BE13F7CFDC9}"
EndProject
Project("{FAE04EC0-301F-11D3-BF4B-00C04F79EFBC}") = "busTimeAttendanceAnalysis", "busTimeAttendanceAnalysis\busTimeAttendanceAnalysis.csproj", "{34CB4110-988D-42CC-97A1-C4B0614FC2AC}"
EndProject
Project("{FAE04EC0-301F-11D3-BF4B-00C04F79EFBC}") = "TimeAttendanceAnalysis", "TimeAttendanceAnalysis\TimeAttendanceAnalysis.csproj", "{587F2F6D-5B25-4758-A5E0-4F2DFED8CB3B}"
EndProject
Project("{FAE04EC0-301F-11D3-BF4B-00C04F79EFBC}") = "TimeAttendanceRun", "TimeAttendanceRun\TimeAttendanceRun.csproj", "{8EC7922B-3D6F-4F0A-A38F-4E75DC6D66BC}"
EndProject
Project("{FAE04EC0-301F-11D3-BF4B-00C04F79EFBC}") = "ClosePayrollRun", "ClosePayrollRun\ClosePayrollRun.csproj", "{505D39AE-44FC-4D78-B306-872C9411D02B}"
EndProject
Project("{FAE04EC0-301F-11D3-BF4B-00C04F79EFBC}") = "busRptTimeSheet", "busRptTimeSheet\busRptTimeSheet.csproj", "{13FFF6D6-0D71-4F30-888D-45A11C94384A}"
EndProject
Project("{FAE04EC0-301F-11D3-BF4B-00C04F79EFBC}") = "RptTimeSheet", "RptTimeSheet\RptTimeSheet.csproj", "{EB17E14F-4DAB-4107-AE1F-8054CD109418}"
EndProject
Project("{FAE04EC0-301F-11D3-BF4B-00C04F79EFBC}") = "busRptTimeSheetTotals", "busRptTimeSheetTotals\busRptTimeSheetTotals.csproj", "{A5A8E513-27F8-4319-AD4B-A3B1DF968830}"
EndProject
Project("{FAE04EC0-301F-11D3-BF4B-00C04F79EFBC}") = "RptTimeSheetTotals", "RptTimeSheetTotals\RptTimeSheetTotals.csproj", "{B01FD655-82F9-46BF-9038-B6028B11F5B4}"
EndProject
Project("{FAE04EC0-301F-11D3-BF4B-00C04F79EFBC}") = "clsInteractPayrollTriggers", "clsInteractPayrollTriggers\clsInteractPayrollTriggers.csproj", "{55978962-FC59-402F-9284-CB6DCD1B2FAE}"
EndProject
Project("{FAE04EC0-301F-11D3-BF4B-00C04F79EFBC}") = "busUserMenuAccess", "busUserMenuAccess\busUserMenuAccess.csproj", "{4ABBA5D1-C6FF-4F7B-BBE4-6EC088A3103B}"
EndProject
Project("{FAE04EC0-301F-11D3-BF4B-00C04F79EFBC}") = "UserMenuAccess", "UserMenuAccess\UserMenuAccess.csproj", "{4824976A-A768-47B6-AF66-8A85BAB1EEEA}"
EndProject
Project("{FAE04EC0-301F-11D3-BF4B-00C04F79EFBC}") = "busTimeSheetAuthorise", "busTimeSheetAuthorise\busTimeSheetAuthorise.csproj", "{D7F315AF-F14B-4F1B-A9BA-85FB82218430}"
EndProject
Project("{FAE04EC0-301F-11D3-BF4B-00C04F79EFBC}") = "TimeSheetAuthorise", "TimeSheetAuthorise\TimeSheetAuthorise.csproj", "{0442D822-3081-49D4-9A96-A398D6B9E13D}"
EndProject
Project("{FAE04EC0-301F-11D3-BF4B-00C04F79EFBC}") = "FileDownload", "FileDownload\FileDownload.csproj", "{EC330A2B-BFB2-4F2C-8B05-63B91F12F64D}"
EndProject
Project("{FAE04EC0-301F-11D3-BF4B-00C04F79EFBC}") = "FileUpload", "FileUpload\FileUpload.csproj", "{CC7C6F73-E06C-47E0-8862-97F58DEDED8F}"
EndProject
Project("{FAE04EC0-301F-11D3-BF4B-00C04F79EFBC}") = "clsDBConnectionObjects", "clsDBConnectionObjects\clsDBConnectionObjects.csproj", "{A93C21F2-C5CE-4C5D-8BE3-0D9935AC7714}"
EndProject
Project("{FAE04EC0-301F-11D3-BF4B-00C04F79EFBC}") = "clsISClientUtilities", "clsISClientUtilities\clsISClientUtilities.csproj", "{7A57341C-01D4-41ED-B0B8-D356F2573354}"
EndProject
Project("{FAE04EC0-301F-11D3-BF4B-00C04F79EFBC}") = "clsISUtilities", "clsISUtilities\clsISUtilities.csproj", "{9641E261-EC6D-4333-81EE-885A3C2207F7}"
EndProject
Project("{FAE04EC0-301F-11D3-BF4B-00C04F79EFBC}") = "BackupRestoreDatabase", "BackupRestoreDatabase\BackupRestoreDatabase.csproj", "{16F125F1-DCEC-463E-ADE3-A2784C43C26B}"
EndProject
Project("{FAE04EC0-301F-11D3-BF4B-00C04F79EFBC}") = "busBackupRestoreDatabase", "busBackupRestoreDatabase\busBackupRestoreDatabase.csproj", "{67C560F0-453A-453B-A6B6-06D57523DA9D}"
EndProject
Project("{FAE04EC0-301F-11D3-BF4B-00C04F79EFBC}") = "busClientDataDownload", "busClientDataDownload\busClientDataDownload.csproj", "{38E52861-5721-46A6-9754-204F34E71DA1}"
EndProject
Project("{FAE04EC0-301F-11D3-BF4B-00C04F79EFBC}") = "busClientDataUpload", "busClientDataUpload\busClientDataUpload.csproj", "{93F250D3-0FAD-4DEB-A118-0071844B2510}"
EndProject
Project("{FAE04EC0-301F-11D3-BF4B-00C04F79EFBC}") = "busClientPayrollLogon", "busClientPayrollLogon\busClientPayrollLogon.csproj", "{0F0F490B-B76F-4E97-B863-C4E505D5077B}"
EndProject
Project("{FAE04EC0-301F-11D3-BF4B-00C04F79EFBC}") = "busClosePayrollRun", "busClosePayrollRun\busClosePayrollRun.csproj", "{182EEB6B-3E18-4B4F-ABBC-27A9791B5C09}"
EndProject
Project("{FAE04EC0-301F-11D3-BF4B-00C04F79EFBC}") = "busCompany", "busCompany\busCompany.csproj", "{B7C9544A-4291-44D0-9B9B-54AFAB867294}"
EndProject
Project("{FAE04EC0-301F-11D3-BF4B-00C04F79EFBC}") = "busCostCentre", "busCostCentre\busCostCentre.csproj", "{B780C4E8-71ED-4699-92C4-580956BF46C8}"
EndProject
Project("{FAE04EC0-301F-11D3-BF4B-00C04F79EFBC}") = "busDataDownload", "busDataDownload\busDataDownload.csproj", "{49BBA33E-0B08-4679-876B-83111850B328}"
EndProject
Project("{FAE04EC0-301F-11D3-BF4B-00C04F79EFBC}") = "busDataUpload", "busDataUpload\busDataUpload.csproj", "{61F31560-785A-4FC0-9754-70E5ACA06D00}"
EndProject
Project("{FAE04EC0-301F-11D3-BF4B-00C04F79EFBC}") = "busEmployee", "busEmployee\busEmployee.csproj", "{7E699886-B6CE-4865-A40D-67F6E3C8A6FA}"
EndProject
Project("{FAE04EC0-301F-11D3-BF4B-00C04F79EFBC}") = "busEmployeeActivateSelection", "busEmployeeActivateSelection\busEmployeeActivateSelection.csproj", "{B6ED72DF-CA05-4A37-9578-7E52D0FCADED}"
EndProject
Project("{FAE04EC0-301F-11D3-BF4B-00C04F79EFBC}") = "busFileDownload", "busFileDownload\busFileDownload.csproj", "{D9C4B52C-9122-49B2-ABEE-55F8AB964AA4}"
EndProject
Project("{FAE04EC0-301F-11D3-BF4B-00C04F79EFBC}") = "busFileUpload", "busFileUpload\busFileUpload.csproj", "{A03595E6-674C-409B-98D2-78252E4A835E}"
EndProject
Project("{FAE04EC0-301F-11D3-BF4B-00C04F79EFBC}") = "busOccupationDepartment", "busOccupationDepartment\busOccupationDepartment.csproj", "{128BEF04-D469-4E73-A6EB-8030C04AF73C}"
EndProject
Project("{FAE04EC0-301F-11D3-BF4B-00C04F79EFBC}") = "busOccupationDepartmentLink", "busOccupationDepartmentLink\busOccupationDepartmentLink.csproj", "{276C74F0-6009-4E9A-9216-F91E75FF31F5}"
EndProject
Project("{FAE04EC0-301F-11D3-BF4B-00C04F79EFBC}") = "busOpenPayrollRun", "busOpenPayrollRun\busOpenPayrollRun.csproj", "{8EB09CC9-01B7-4E62-9CC2-2D9FF292FB72}"
EndProject
Project("{FAE04EC0-301F-11D3-BF4B-00C04F79EFBC}") = "busPasswordChange", "busPasswordChange\busPasswordChange.csproj", "{925CE865-94F2-4B88-BAE5-0B4303EFF8D2}"
EndProject
Project("{FAE04EC0-301F-11D3-BF4B-00C04F79EFBC}") = "busPasswordReset", "busPasswordReset\busPasswordReset.csproj", "{65F77DE9-418E-4BDA-9B77-B3859AAC57BD}"
EndProject
Project("{FAE04EC0-301F-11D3-BF4B-00C04F79EFBC}") = "busPayrollLogon", "busPayrollLogon\busPayrollLogon.csproj", "{7D64CA57-02BE-4CEC-8766-7BD1B53E8A2D}"
EndProject
Project("{FAE04EC0-301F-11D3-BF4B-00C04F79EFBC}") = "busTimeAttendanceLogon", "busTimeAttendanceLogon\busTimeAttendanceLogon.csproj", "{637F899E-8558-4F9A-B6CF-47203A0D867D}"
EndProject
Project("{FAE04EC0-301F-11D3-BF4B-00C04F79EFBC}") = "FingerPrintClockServiceStartStop", "FingerPrintClockServiceStartStop\FingerPrintClockServiceStartStop.csproj", "{BCE23310-B365-410F-9851-C730D7851DBC}"
EndProject
Project("{FAE04EC0-301F-11D3-BF4B-00C04F79EFBC}") = "TimeAttendanceInternetLogon", "TimeAttendanceInternetLogon\TimeAttendanceInternetLogon.csproj", "{BE163E5D-CCE3-446A-85E8-FC52485321FF}"
EndProject
Project("{FAE04EC0-301F-11D3-BF4B-00C04F79EFBC}") = "TimeAttendanceInternetMain", "TimeAttendanceInternetMain\TimeAttendanceInternetMain.csproj", "{348D1163-C901-41F8-811B-CF8B5229A29E}"
EndProject
Project("{FAE04EC0-301F-11D3-BF4B-00C04F79EFBC}") = "busTimeAttendanceInternetMain", "busTimeAttendanceInternetMain\busTimeAttendanceInternetMain.csproj", "{F522DFE4-BCAA-4893-8DBC-624F9B79C306}"
EndProject
Project("{FAE04EC0-301F-11D3-BF4B-00C04F79EFBC}") = "busCompanyPaymentOptions", "busCompanyPaymentOptions\busCompanyPaymentOptions.csproj", "{BF70C602-1420-42E2-8685-761DB7C0CA8B}"
EndProject
Project("{FAE04EC0-301F-11D3-BF4B-00C04F79EFBC}") = "CompanyPaymentOptions", "CompanyPaymentOptions\CompanyPaymentOptions.csproj", "{1FC74C35-E6C5-4195-AE25-47910123133D}"
EndProject
Project("{930C7802-8A8C-48F9-8165-68863BCCD9DD}") = "ValiditeTimeAttendanceInternet_Setup", "ValiditeTimeAttendanceInternet_Setup\ValiditeTimeAttendanceInternet_Setup.wixproj", "{B3B4DB8E-11F3-445F-8D3D-1779AF2F749F}"
EndProject
Project("{FAE04EC0-301F-11D3-BF4B-00C04F79EFBC}") = "busRoster", "busRoster\busRoster.csproj", "{1F7CA900-0813-417C-BE3A-8E573A8C6D80}"
EndProject
Project("{FAE04EC0-301F-11D3-BF4B-00C04F79EFBC}") = "Roster", "Roster\Roster.csproj", "{0A5B4608-EC52-4A66-A6D2-289BC518A045}"
EndProject
Project("{FAE04EC0-301F-11D3-BF4B-00C04F79EFBC}") = "busShiftSchedule", "busShiftSchedule\busShiftSchedule.csproj", "{66C692D2-BB81-4737-8E12-F101E9EA6E7A}"
EndProject
Project("{FAE04EC0-301F-11D3-BF4B-00C04F79EFBC}") = "ShiftSchedule", "ShiftSchedule\ShiftSchedule.csproj", "{A1A787F2-F6F7-4565-A70A-0E3B8FAC7DB8}"
EndProject
Project("{FAE04EC0-301F-11D3-BF4B-00C04F79EFBC}") = "clsFixInteractPayrollClientDatabase", "clsFixInteractPayrollClientDatabase\clsFixInteractPayrollClientDatabase.csproj", "{47C14B49-6FDA-48C4-AF1E-86C61BDBB915}"
EndProject
Project("{FAE04EC0-301F-11D3-BF4B-00C04F79EFBC}") = "busCalender", "busCalender\busCalender.csproj", "{C3246EEA-CF71-4F51-9BFD-4587E8FE2A9A}"
EndProject
Project("{FAE04EC0-301F-11D3-BF4B-00C04F79EFBC}") = "ChooseFingerprintReader", "ChooseFingerprintReader\ChooseFingerprintReader.csproj", "{2CD39A5E-95F6-4271-83BC-5D898BF870E3}"
EndProject
Project("{FAE04EC0-301F-11D3-BF4B-00C04F79EFBC}") = "clsReadersToDp", "clsReadersToDp\clsReadersToDp.csproj", "{D4D63FB1-72F4-453F-8018-D99C58A75817}"
EndProject
Project("{FAE04EC0-301F-11D3-BF4B-00C04F79EFBC}") = "busBackupRestoreClientDatabase", "busBackupRestoreClientDatabase\busBackupRestoreClientDatabase.csproj", "{B4686D9A-B449-493A-B3EF-F303BF2AF621}"
EndProject
Global
	GlobalSection(SolutionConfigurationPlatforms) = preSolution
		Debug|Any CPU = Debug|Any CPU
		Debug|Mixed Platforms = Debug|Mixed Platforms
		Debug|x86 = Debug|x86
		Release|Any CPU = Release|Any CPU
		Release|Mixed Platforms = Release|Mixed Platforms
		Release|x86 = Release|x86
	EndGlobalSection
	GlobalSection(ProjectConfigurationPlatforms) = postSolution
		{53E077AF-AA2A-45DD-8E83-F07E1D9570E4}.Debug|Any CPU.ActiveCfg = Debug|x86
		{53E077AF-AA2A-45DD-8E83-F07E1D9570E4}.Debug|Any CPU.Build.0 = Debug|x86
		{53E077AF-AA2A-45DD-8E83-F07E1D9570E4}.Debug|Mixed Platforms.ActiveCfg = Debug|x86
		{53E077AF-AA2A-45DD-8E83-F07E1D9570E4}.Debug|Mixed Platforms.Build.0 = Debug|x86
		{53E077AF-AA2A-45DD-8E83-F07E1D9570E4}.Debug|x86.ActiveCfg = Debug|x86
		{53E077AF-AA2A-45DD-8E83-F07E1D9570E4}.Debug|x86.Build.0 = Debug|x86
		{53E077AF-AA2A-45DD-8E83-F07E1D9570E4}.Release|Any CPU.ActiveCfg = Release|x86
		{53E077AF-AA2A-45DD-8E83-F07E1D9570E4}.Release|Any CPU.Build.0 = Release|x86
		{53E077AF-AA2A-45DD-8E83-F07E1D9570E4}.Release|Mixed Platforms.ActiveCfg = Release|x86
		{53E077AF-AA2A-45DD-8E83-F07E1D9570E4}.Release|Mixed Platforms.Build.0 = Release|x86
		{53E077AF-AA2A-45DD-8E83-F07E1D9570E4}.Release|x86.ActiveCfg = Release|x86
		{53E077AF-AA2A-45DD-8E83-F07E1D9570E4}.Release|x86.Build.0 = Release|x86
		{870B6226-EFD5-4FE6-A8F7-DC578AB007FE}.Debug|Any CPU.ActiveCfg = Debug|x86
		{870B6226-EFD5-4FE6-A8F7-DC578AB007FE}.Debug|Mixed Platforms.ActiveCfg = Debug|x86
		{870B6226-EFD5-4FE6-A8F7-DC578AB007FE}.Debug|x86.ActiveCfg = Debug|x86
		{870B6226-EFD5-4FE6-A8F7-DC578AB007FE}.Debug|x86.Build.0 = Debug|x86
		{870B6226-EFD5-4FE6-A8F7-DC578AB007FE}.Release|Any CPU.ActiveCfg = Release|x86
		{870B6226-EFD5-4FE6-A8F7-DC578AB007FE}.Release|Mixed Platforms.ActiveCfg = Release|x86
		{870B6226-EFD5-4FE6-A8F7-DC578AB007FE}.Release|x86.ActiveCfg = Release|x86
		{870B6226-EFD5-4FE6-A8F7-DC578AB007FE}.Release|x86.Build.0 = Release|x86
		{E6092E97-25C6-40FD-A5DA-FF4A9B12281E}.Debug|Any CPU.ActiveCfg = Debug|x86
		{E6092E97-25C6-40FD-A5DA-FF4A9B12281E}.Debug|Mixed Platforms.ActiveCfg = Debug|x86
		{E6092E97-25C6-40FD-A5DA-FF4A9B12281E}.Debug|x86.ActiveCfg = Debug|x86
		{E6092E97-25C6-40FD-A5DA-FF4A9B12281E}.Debug|x86.Build.0 = Debug|x86
		{E6092E97-25C6-40FD-A5DA-FF4A9B12281E}.Release|Any CPU.ActiveCfg = Release|x86
		{E6092E97-25C6-40FD-A5DA-FF4A9B12281E}.Release|Mixed Platforms.ActiveCfg = Release|x86
		{E6092E97-25C6-40FD-A5DA-FF4A9B12281E}.Release|x86.ActiveCfg = Release|x86
		{E6092E97-25C6-40FD-A5DA-FF4A9B12281E}.Release|x86.Build.0 = Release|x86
		{CA3108F6-41C3-4204-8165-91A3552E9F91}.Debug|Any CPU.ActiveCfg = Debug|x86
		{CA3108F6-41C3-4204-8165-91A3552E9F91}.Debug|Mixed Platforms.ActiveCfg = Debug|x86
		{CA3108F6-41C3-4204-8165-91A3552E9F91}.Debug|x86.ActiveCfg = Debug|x86
		{CA3108F6-41C3-4204-8165-91A3552E9F91}.Debug|x86.Build.0 = Debug|x86
		{CA3108F6-41C3-4204-8165-91A3552E9F91}.Release|Any CPU.ActiveCfg = Release|x86
		{CA3108F6-41C3-4204-8165-91A3552E9F91}.Release|Mixed Platforms.ActiveCfg = Release|x86
		{CA3108F6-41C3-4204-8165-91A3552E9F91}.Release|x86.ActiveCfg = Release|x86
		{CA3108F6-41C3-4204-8165-91A3552E9F91}.Release|x86.Build.0 = Release|x86
		{C4477390-666C-4F3A-895A-E2F1711B4FFA}.Debug|Any CPU.ActiveCfg = Debug|x86
		{C4477390-666C-4F3A-895A-E2F1711B4FFA}.Debug|Mixed Platforms.ActiveCfg = Debug|x86
		{C4477390-666C-4F3A-895A-E2F1711B4FFA}.Debug|x86.ActiveCfg = Debug|x86
		{C4477390-666C-4F3A-895A-E2F1711B4FFA}.Debug|x86.Build.0 = Debug|x86
		{C4477390-666C-4F3A-895A-E2F1711B4FFA}.Release|Any CPU.ActiveCfg = Release|x86
		{C4477390-666C-4F3A-895A-E2F1711B4FFA}.Release|Mixed Platforms.ActiveCfg = Release|x86
		{C4477390-666C-4F3A-895A-E2F1711B4FFA}.Release|x86.ActiveCfg = Release|x86
		{C4477390-666C-4F3A-895A-E2F1711B4FFA}.Release|x86.Build.0 = Release|x86
		{AA3A3A00-9B9C-41A5-8CF0-6D8A94792153}.Debug|Any CPU.ActiveCfg = Debug|x86
		{AA3A3A00-9B9C-41A5-8CF0-6D8A94792153}.Debug|Mixed Platforms.ActiveCfg = Debug|x86
		{AA3A3A00-9B9C-41A5-8CF0-6D8A94792153}.Debug|x86.ActiveCfg = Debug|x86
		{AA3A3A00-9B9C-41A5-8CF0-6D8A94792153}.Debug|x86.Build.0 = Debug|x86
		{AA3A3A00-9B9C-41A5-8CF0-6D8A94792153}.Release|Any CPU.ActiveCfg = Release|x86
		{AA3A3A00-9B9C-41A5-8CF0-6D8A94792153}.Release|Mixed Platforms.ActiveCfg = Release|x86
		{AA3A3A00-9B9C-41A5-8CF0-6D8A94792153}.Release|x86.ActiveCfg = Release|x86
		{AA3A3A00-9B9C-41A5-8CF0-6D8A94792153}.Release|x86.Build.0 = Release|x86
		{CBED8556-2E28-43A4-BD4A-B619D745195F}.Debug|Any CPU.ActiveCfg = Debug|x86
		{CBED8556-2E28-43A4-BD4A-B619D745195F}.Debug|Mixed Platforms.ActiveCfg = Debug|x86
		{CBED8556-2E28-43A4-BD4A-B619D745195F}.Debug|Mixed Platforms.Deploy.0 = Debug|x86
		{CBED8556-2E28-43A4-BD4A-B619D745195F}.Debug|x86.ActiveCfg = Debug|x86
		{CBED8556-2E28-43A4-BD4A-B619D745195F}.Debug|x86.Build.0 = Debug|x86
		{CBED8556-2E28-43A4-BD4A-B619D745195F}.Release|Any CPU.ActiveCfg = Release|x86
		{CBED8556-2E28-43A4-BD4A-B619D745195F}.Release|Mixed Platforms.ActiveCfg = Release|x86
		{CBED8556-2E28-43A4-BD4A-B619D745195F}.Release|x86.ActiveCfg = Release|x86
		{CBED8556-2E28-43A4-BD4A-B619D745195F}.Release|x86.Build.0 = Release|x86
		{A8DC0C89-CB85-4DC0-B5BA-B11537898AEF}.Debug|Any CPU.ActiveCfg = Debug|Any CPU
		{A8DC0C89-CB85-4DC0-B5BA-B11537898AEF}.Debug|Mixed Platforms.ActiveCfg = Debug|Any CPU
		{A8DC0C89-CB85-4DC0-B5BA-B11537898AEF}.Debug|x86.ActiveCfg = Debug|Any CPU
		{A8DC0C89-CB85-4DC0-B5BA-B11537898AEF}.Release|Any CPU.ActiveCfg = Release|Any CPU
		{A8DC0C89-CB85-4DC0-B5BA-B11537898AEF}.Release|Mixed Platforms.ActiveCfg = Release|Any CPU
		{A8DC0C89-CB85-4DC0-B5BA-B11537898AEF}.Release|x86.ActiveCfg = Release|Any CPU
		{19A578CD-62B1-4B60-9E41-E0B9B7E13A2C}.Debug|Any CPU.ActiveCfg = Debug|x86
		{19A578CD-62B1-4B60-9E41-E0B9B7E13A2C}.Debug|Mixed Platforms.ActiveCfg = Debug|x86
		{19A578CD-62B1-4B60-9E41-E0B9B7E13A2C}.Debug|x86.ActiveCfg = Debug|x86
		{19A578CD-62B1-4B60-9E41-E0B9B7E13A2C}.Debug|x86.Build.0 = Debug|x86
		{19A578CD-62B1-4B60-9E41-E0B9B7E13A2C}.Release|Any CPU.ActiveCfg = Release|x86
		{19A578CD-62B1-4B60-9E41-E0B9B7E13A2C}.Release|Mixed Platforms.ActiveCfg = Release|x86
		{19A578CD-62B1-4B60-9E41-E0B9B7E13A2C}.Release|x86.ActiveCfg = Release|x86
		{19A578CD-62B1-4B60-9E41-E0B9B7E13A2C}.Release|x86.Build.0 = Release|x86
		{1E9B0417-BE77-4B67-8DD7-ADB1CF5B5FF2}.Debug|Any CPU.ActiveCfg = Debug|Any CPU
		{1E9B0417-BE77-4B67-8DD7-ADB1CF5B5FF2}.Debug|Mixed Platforms.ActiveCfg = Debug|Any CPU
		{1E9B0417-BE77-4B67-8DD7-ADB1CF5B5FF2}.Debug|x86.ActiveCfg = Debug|Any CPU
		{1E9B0417-BE77-4B67-8DD7-ADB1CF5B5FF2}.Release|Any CPU.ActiveCfg = Release|Any CPU
		{1E9B0417-BE77-4B67-8DD7-ADB1CF5B5FF2}.Release|Mixed Platforms.ActiveCfg = Release|Any CPU
		{1E9B0417-BE77-4B67-8DD7-ADB1CF5B5FF2}.Release|x86.ActiveCfg = Release|Any CPU
		{092E0D47-1C15-4972-9FD0-C4A09F55DF2F}.Debug|Any CPU.ActiveCfg = Debug|x86
		{092E0D47-1C15-4972-9FD0-C4A09F55DF2F}.Debug|Mixed Platforms.ActiveCfg = Debug|x86
		{092E0D47-1C15-4972-9FD0-C4A09F55DF2F}.Debug|x86.ActiveCfg = Debug|x86
		{092E0D47-1C15-4972-9FD0-C4A09F55DF2F}.Debug|x86.Build.0 = Debug|x86
		{092E0D47-1C15-4972-9FD0-C4A09F55DF2F}.Release|Any CPU.ActiveCfg = Release|x86
		{092E0D47-1C15-4972-9FD0-C4A09F55DF2F}.Release|Mixed Platforms.ActiveCfg = Release|x86
		{092E0D47-1C15-4972-9FD0-C4A09F55DF2F}.Release|x86.ActiveCfg = Release|x86
		{092E0D47-1C15-4972-9FD0-C4A09F55DF2F}.Release|x86.Build.0 = Release|x86
		{5F2F210D-E41A-48AF-A0A7-25E117FFE19D}.Debug|Any CPU.ActiveCfg = Debug|Any CPU
		{5F2F210D-E41A-48AF-A0A7-25E117FFE19D}.Debug|Mixed Platforms.ActiveCfg = Debug|Any CPU
		{5F2F210D-E41A-48AF-A0A7-25E117FFE19D}.Debug|x86.ActiveCfg = Debug|Any CPU
		{5F2F210D-E41A-48AF-A0A7-25E117FFE19D}.Release|Any CPU.ActiveCfg = Release|Any CPU
		{5F2F210D-E41A-48AF-A0A7-25E117FFE19D}.Release|Mixed Platforms.ActiveCfg = Release|Any CPU
		{5F2F210D-E41A-48AF-A0A7-25E117FFE19D}.Release|x86.ActiveCfg = Release|Any CPU
		{F534DDDE-E78A-4ACF-8C28-746A87670B3E}.Debug|Any CPU.ActiveCfg = Debug|x86
		{F534DDDE-E78A-4ACF-8C28-746A87670B3E}.Debug|Mixed Platforms.ActiveCfg = Debug|x86
		{F534DDDE-E78A-4ACF-8C28-746A87670B3E}.Debug|x86.ActiveCfg = Debug|x86
		{F534DDDE-E78A-4ACF-8C28-746A87670B3E}.Debug|x86.Build.0 = Debug|x86
		{F534DDDE-E78A-4ACF-8C28-746A87670B3E}.Release|Any CPU.ActiveCfg = Release|x86
		{F534DDDE-E78A-4ACF-8C28-746A87670B3E}.Release|Mixed Platforms.ActiveCfg = Release|x86
		{F534DDDE-E78A-4ACF-8C28-746A87670B3E}.Release|x86.ActiveCfg = Release|x86
		{F534DDDE-E78A-4ACF-8C28-746A87670B3E}.Release|x86.Build.0 = Release|x86
		{D8A632FA-9118-4A00-ACB2-33207DE1783A}.Debug|Any CPU.ActiveCfg = Debug|x86
		{D8A632FA-9118-4A00-ACB2-33207DE1783A}.Debug|Mixed Platforms.ActiveCfg = Debug|x86
		{D8A632FA-9118-4A00-ACB2-33207DE1783A}.Debug|x86.ActiveCfg = Debug|x86
		{D8A632FA-9118-4A00-ACB2-33207DE1783A}.Debug|x86.Build.0 = Debug|x86
		{D8A632FA-9118-4A00-ACB2-33207DE1783A}.Release|Any CPU.ActiveCfg = Release|x86
		{D8A632FA-9118-4A00-ACB2-33207DE1783A}.Release|Mixed Platforms.ActiveCfg = Release|x86
		{D8A632FA-9118-4A00-ACB2-33207DE1783A}.Release|Mixed Platforms.Build.0 = Release|x86
		{D8A632FA-9118-4A00-ACB2-33207DE1783A}.Release|x86.ActiveCfg = Release|x86
		{D8A632FA-9118-4A00-ACB2-33207DE1783A}.Release|x86.Build.0 = Release|x86
		{BEA70C7E-2B9D-4771-8BB5-9084AC3F4E81}.Debug|Any CPU.ActiveCfg = Debug|x86
		{BEA70C7E-2B9D-4771-8BB5-9084AC3F4E81}.Debug|Any CPU.Build.0 = Debug|x86
		{BEA70C7E-2B9D-4771-8BB5-9084AC3F4E81}.Debug|Mixed Platforms.ActiveCfg = Debug|x86
		{BEA70C7E-2B9D-4771-8BB5-9084AC3F4E81}.Debug|x86.ActiveCfg = Debug|x86
		{BEA70C7E-2B9D-4771-8BB5-9084AC3F4E81}.Debug|x86.Build.0 = Debug|x86
		{BEA70C7E-2B9D-4771-8BB5-9084AC3F4E81}.Release|Any CPU.ActiveCfg = Release|x86
		{BEA70C7E-2B9D-4771-8BB5-9084AC3F4E81}.Release|Mixed Platforms.ActiveCfg = Release|x86
		{BEA70C7E-2B9D-4771-8BB5-9084AC3F4E81}.Release|x86.ActiveCfg = Release|x86
		{BEA70C7E-2B9D-4771-8BB5-9084AC3F4E81}.Release|x86.Build.0 = Release|x86
		{71816A34-3879-4758-8EED-D571E8F2ABB4}.Debug|Any CPU.ActiveCfg = Debug|x86
		{71816A34-3879-4758-8EED-D571E8F2ABB4}.Debug|Mixed Platforms.ActiveCfg = Debug|x86
		{71816A34-3879-4758-8EED-D571E8F2ABB4}.Debug|x86.ActiveCfg = Debug|x86
		{71816A34-3879-4758-8EED-D571E8F2ABB4}.Debug|x86.Build.0 = Debug|x86
		{71816A34-3879-4758-8EED-D571E8F2ABB4}.Release|Any CPU.ActiveCfg = Release|x86
		{71816A34-3879-4758-8EED-D571E8F2ABB4}.Release|Mixed Platforms.ActiveCfg = Release|x86
		{71816A34-3879-4758-8EED-D571E8F2ABB4}.Release|x86.ActiveCfg = Release|x86
		{71816A34-3879-4758-8EED-D571E8F2ABB4}.Release|x86.Build.0 = Release|x86
		{77FA02EA-3526-41BC-801D-F98BCD9CD5D2}.Debug|Any CPU.ActiveCfg = Debug|x86
		{77FA02EA-3526-41BC-801D-F98BCD9CD5D2}.Debug|Mixed Platforms.ActiveCfg = Debug|x86
		{77FA02EA-3526-41BC-801D-F98BCD9CD5D2}.Debug|x86.ActiveCfg = Debug|x86
		{77FA02EA-3526-41BC-801D-F98BCD9CD5D2}.Debug|x86.Build.0 = Debug|x86
		{77FA02EA-3526-41BC-801D-F98BCD9CD5D2}.Release|Any CPU.ActiveCfg = Release|x86
		{77FA02EA-3526-41BC-801D-F98BCD9CD5D2}.Release|Mixed Platforms.ActiveCfg = Release|x86
		{77FA02EA-3526-41BC-801D-F98BCD9CD5D2}.Release|x86.ActiveCfg = Release|x86
		{77FA02EA-3526-41BC-801D-F98BCD9CD5D2}.Release|x86.Build.0 = Release|x86
		{DC107887-3CC4-40E9-B137-FDD5EADF2749}.Debug|Any CPU.ActiveCfg = Debug|x86
		{DC107887-3CC4-40E9-B137-FDD5EADF2749}.Debug|Any CPU.Build.0 = Debug|x86
		{DC107887-3CC4-40E9-B137-FDD5EADF2749}.Debug|Mixed Platforms.ActiveCfg = Debug|x86
		{DC107887-3CC4-40E9-B137-FDD5EADF2749}.Debug|x86.ActiveCfg = Debug|x86
		{DC107887-3CC4-40E9-B137-FDD5EADF2749}.Debug|x86.Build.0 = Debug|x86
		{DC107887-3CC4-40E9-B137-FDD5EADF2749}.Release|Any CPU.ActiveCfg = Release|x86
		{DC107887-3CC4-40E9-B137-FDD5EADF2749}.Release|Any CPU.Build.0 = Release|x86
		{DC107887-3CC4-40E9-B137-FDD5EADF2749}.Release|Mixed Platforms.ActiveCfg = Release|x86
		{DC107887-3CC4-40E9-B137-FDD5EADF2749}.Release|Mixed Platforms.Build.0 = Release|x86
		{DC107887-3CC4-40E9-B137-FDD5EADF2749}.Release|x86.ActiveCfg = Release|x86
		{DC107887-3CC4-40E9-B137-FDD5EADF2749}.Release|x86.Build.0 = Release|x86
		{306141B8-C426-453A-A6A7-1D08FC692EF8}.Debug|Any CPU.ActiveCfg = Debug|x86
		{306141B8-C426-453A-A6A7-1D08FC692EF8}.Debug|Mixed Platforms.ActiveCfg = Debug|x86
		{306141B8-C426-453A-A6A7-1D08FC692EF8}.Debug|x86.ActiveCfg = Debug|x86
		{306141B8-C426-453A-A6A7-1D08FC692EF8}.Debug|x86.Build.0 = Debug|x86
		{306141B8-C426-453A-A6A7-1D08FC692EF8}.Release|Any CPU.ActiveCfg = Release|x86
		{306141B8-C426-453A-A6A7-1D08FC692EF8}.Release|Mixed Platforms.ActiveCfg = Release|x86
		{306141B8-C426-453A-A6A7-1D08FC692EF8}.Release|x86.ActiveCfg = Release|x86
		{306141B8-C426-453A-A6A7-1D08FC692EF8}.Release|x86.Build.0 = Release|x86
		{A5EBBF39-1B92-4717-9C9A-F161E0A5DC0C}.Debug|Any CPU.ActiveCfg = Debug|x86
		{A5EBBF39-1B92-4717-9C9A-F161E0A5DC0C}.Debug|Mixed Platforms.ActiveCfg = Debug|x86
		{A5EBBF39-1B92-4717-9C9A-F161E0A5DC0C}.Debug|x86.ActiveCfg = Debug|x86
		{A5EBBF39-1B92-4717-9C9A-F161E0A5DC0C}.Debug|x86.Build.0 = Debug|x86
		{A5EBBF39-1B92-4717-9C9A-F161E0A5DC0C}.Release|Any CPU.ActiveCfg = Release|x86
		{A5EBBF39-1B92-4717-9C9A-F161E0A5DC0C}.Release|Mixed Platforms.ActiveCfg = Release|x86
		{A5EBBF39-1B92-4717-9C9A-F161E0A5DC0C}.Release|x86.ActiveCfg = Release|x86
		{A5EBBF39-1B92-4717-9C9A-F161E0A5DC0C}.Release|x86.Build.0 = Release|x86
		{8CFB4E00-4ED0-4AD9-A809-4ED7AEA3F928}.Debug|Any CPU.ActiveCfg = Debug|x86
		{8CFB4E00-4ED0-4AD9-A809-4ED7AEA3F928}.Debug|Mixed Platforms.ActiveCfg = Debug|x86
		{8CFB4E00-4ED0-4AD9-A809-4ED7AEA3F928}.Debug|x86.ActiveCfg = Debug|x86
		{8CFB4E00-4ED0-4AD9-A809-4ED7AEA3F928}.Debug|x86.Build.0 = Debug|x86
		{8CFB4E00-4ED0-4AD9-A809-4ED7AEA3F928}.Release|Any CPU.ActiveCfg = Release|x86
		{8CFB4E00-4ED0-4AD9-A809-4ED7AEA3F928}.Release|Mixed Platforms.ActiveCfg = Release|x86
		{8CFB4E00-4ED0-4AD9-A809-4ED7AEA3F928}.Release|x86.ActiveCfg = Release|x86
		{8CFB4E00-4ED0-4AD9-A809-4ED7AEA3F928}.Release|x86.Build.0 = Release|x86
		{C2D4DADC-1F41-4F19-9DCF-0F82E0F4270A}.Debug|Any CPU.ActiveCfg = Debug|Any CPU
		{C2D4DADC-1F41-4F19-9DCF-0F82E0F4270A}.Debug|Any CPU.Build.0 = Debug|Any CPU
		{C2D4DADC-1F41-4F19-9DCF-0F82E0F4270A}.Debug|Mixed Platforms.ActiveCfg = Debug|Any CPU
		{C2D4DADC-1F41-4F19-9DCF-0F82E0F4270A}.Debug|x86.ActiveCfg = Debug|Any CPU
		{C2D4DADC-1F41-4F19-9DCF-0F82E0F4270A}.Release|Any CPU.ActiveCfg = Release|Any CPU
		{C2D4DADC-1F41-4F19-9DCF-0F82E0F4270A}.Release|Mixed Platforms.ActiveCfg = Release|Any CPU
		{C2D4DADC-1F41-4F19-9DCF-0F82E0F4270A}.Release|x86.ActiveCfg = Release|Any CPU
		{19806D9B-0BB9-477D-A1D8-BB14F3620F34}.Debug|Any CPU.ActiveCfg = Debug|x86
		{19806D9B-0BB9-477D-A1D8-BB14F3620F34}.Debug|Mixed Platforms.ActiveCfg = Debug|x86
		{19806D9B-0BB9-477D-A1D8-BB14F3620F34}.Debug|x86.ActiveCfg = Debug|x86
		{19806D9B-0BB9-477D-A1D8-BB14F3620F34}.Debug|x86.Build.0 = Debug|x86
		{19806D9B-0BB9-477D-A1D8-BB14F3620F34}.Release|Any CPU.ActiveCfg = Release|x86
		{19806D9B-0BB9-477D-A1D8-BB14F3620F34}.Release|Mixed Platforms.ActiveCfg = Release|x86
		{19806D9B-0BB9-477D-A1D8-BB14F3620F34}.Release|x86.ActiveCfg = Release|x86
		{19806D9B-0BB9-477D-A1D8-BB14F3620F34}.Release|x86.Build.0 = Release|x86
		{D16212EB-23B7-4FF4-BD3A-27DFD266E85E}.Debug|Any CPU.ActiveCfg = Debug|Any CPU
		{D16212EB-23B7-4FF4-BD3A-27DFD266E85E}.Debug|Any CPU.Build.0 = Debug|Any CPU
		{D16212EB-23B7-4FF4-BD3A-27DFD266E85E}.Debug|Mixed Platforms.ActiveCfg = Debug|Any CPU
		{D16212EB-23B7-4FF4-BD3A-27DFD266E85E}.Debug|x86.ActiveCfg = Debug|Any CPU
		{D16212EB-23B7-4FF4-BD3A-27DFD266E85E}.Release|Any CPU.ActiveCfg = Release|Any CPU
		{D16212EB-23B7-4FF4-BD3A-27DFD266E85E}.Release|Mixed Platforms.ActiveCfg = Release|Any CPU
		{D16212EB-23B7-4FF4-BD3A-27DFD266E85E}.Release|x86.ActiveCfg = Release|Any CPU
		{A93B95D6-9887-4E29-9098-24E1586ECF1F}.Debug|Any CPU.ActiveCfg = Debug|x86
		{A93B95D6-9887-4E29-9098-24E1586ECF1F}.Debug|Mixed Platforms.ActiveCfg = Debug|x86
		{A93B95D6-9887-4E29-9098-24E1586ECF1F}.Debug|x86.ActiveCfg = Debug|x86
		{A93B95D6-9887-4E29-9098-24E1586ECF1F}.Debug|x86.Build.0 = Debug|x86
		{A93B95D6-9887-4E29-9098-24E1586ECF1F}.Release|Any CPU.ActiveCfg = Release|x86
		{A93B95D6-9887-4E29-9098-24E1586ECF1F}.Release|Mixed Platforms.ActiveCfg = Release|x86
		{A93B95D6-9887-4E29-9098-24E1586ECF1F}.Release|x86.ActiveCfg = Release|x86
		{A93B95D6-9887-4E29-9098-24E1586ECF1F}.Release|x86.Build.0 = Release|x86
		{A552E7E6-2E55-47C3-947D-CC08EF6D28C4}.Debug|Any CPU.ActiveCfg = Debug|x86
		{A552E7E6-2E55-47C3-947D-CC08EF6D28C4}.Debug|Mixed Platforms.ActiveCfg = Debug|x86
		{A552E7E6-2E55-47C3-947D-CC08EF6D28C4}.Debug|x86.ActiveCfg = Debug|x86
		{A552E7E6-2E55-47C3-947D-CC08EF6D28C4}.Debug|x86.Build.0 = Debug|x86
		{A552E7E6-2E55-47C3-947D-CC08EF6D28C4}.Release|Any CPU.ActiveCfg = Release|x86
		{A552E7E6-2E55-47C3-947D-CC08EF6D28C4}.Release|Mixed Platforms.ActiveCfg = Release|x86
		{A552E7E6-2E55-47C3-947D-CC08EF6D28C4}.Release|x86.ActiveCfg = Release|x86
		{A552E7E6-2E55-47C3-947D-CC08EF6D28C4}.Release|x86.Build.0 = Release|x86
		{713604F0-AE27-4E72-88DC-6BE13F7CFDC9}.Debug|Any CPU.ActiveCfg = Debug|Any CPU
		{713604F0-AE27-4E72-88DC-6BE13F7CFDC9}.Debug|Mixed Platforms.ActiveCfg = Debug|Any CPU
		{713604F0-AE27-4E72-88DC-6BE13F7CFDC9}.Debug|x86.ActiveCfg = Debug|Any CPU
		{713604F0-AE27-4E72-88DC-6BE13F7CFDC9}.Release|Any CPU.ActiveCfg = Release|Any CPU
		{713604F0-AE27-4E72-88DC-6BE13F7CFDC9}.Release|Mixed Platforms.ActiveCfg = Release|Any CPU
		{713604F0-AE27-4E72-88DC-6BE13F7CFDC9}.Release|x86.ActiveCfg = Release|Any CPU
		{34CB4110-988D-42CC-97A1-C4B0614FC2AC}.Debug|Any CPU.ActiveCfg = Debug|Any CPU
		{34CB4110-988D-42CC-97A1-C4B0614FC2AC}.Debug|Mixed Platforms.ActiveCfg = Debug|Any CPU
		{34CB4110-988D-42CC-97A1-C4B0614FC2AC}.Debug|x86.ActiveCfg = Debug|Any CPU
		{34CB4110-988D-42CC-97A1-C4B0614FC2AC}.Release|Any CPU.ActiveCfg = Release|Any CPU
		{34CB4110-988D-42CC-97A1-C4B0614FC2AC}.Release|Mixed Platforms.ActiveCfg = Release|Any CPU
		{34CB4110-988D-42CC-97A1-C4B0614FC2AC}.Release|x86.ActiveCfg = Release|Any CPU
		{587F2F6D-5B25-4758-A5E0-4F2DFED8CB3B}.Debug|Any CPU.ActiveCfg = Debug|x86
		{587F2F6D-5B25-4758-A5E0-4F2DFED8CB3B}.Debug|Mixed Platforms.ActiveCfg = Debug|x86
		{587F2F6D-5B25-4758-A5E0-4F2DFED8CB3B}.Debug|x86.ActiveCfg = Debug|x86
		{587F2F6D-5B25-4758-A5E0-4F2DFED8CB3B}.Debug|x86.Build.0 = Debug|x86
		{587F2F6D-5B25-4758-A5E0-4F2DFED8CB3B}.Release|Any CPU.ActiveCfg = Release|x86
		{587F2F6D-5B25-4758-A5E0-4F2DFED8CB3B}.Release|Mixed Platforms.ActiveCfg = Release|x86
		{587F2F6D-5B25-4758-A5E0-4F2DFED8CB3B}.Release|x86.ActiveCfg = Release|x86
		{587F2F6D-5B25-4758-A5E0-4F2DFED8CB3B}.Release|x86.Build.0 = Release|x86
		{8EC7922B-3D6F-4F0A-A38F-4E75DC6D66BC}.Debug|Any CPU.ActiveCfg = Debug|x86
		{8EC7922B-3D6F-4F0A-A38F-4E75DC6D66BC}.Debug|Mixed Platforms.ActiveCfg = Debug|x86
		{8EC7922B-3D6F-4F0A-A38F-4E75DC6D66BC}.Debug|x86.ActiveCfg = Debug|x86
		{8EC7922B-3D6F-4F0A-A38F-4E75DC6D66BC}.Debug|x86.Build.0 = Debug|x86
		{8EC7922B-3D6F-4F0A-A38F-4E75DC6D66BC}.Release|Any CPU.ActiveCfg = Release|x86
		{8EC7922B-3D6F-4F0A-A38F-4E75DC6D66BC}.Release|Mixed Platforms.ActiveCfg = Release|x86
		{8EC7922B-3D6F-4F0A-A38F-4E75DC6D66BC}.Release|x86.ActiveCfg = Release|x86
		{8EC7922B-3D6F-4F0A-A38F-4E75DC6D66BC}.Release|x86.Build.0 = Release|x86
		{505D39AE-44FC-4D78-B306-872C9411D02B}.Debug|Any CPU.ActiveCfg = Debug|x86
		{505D39AE-44FC-4D78-B306-872C9411D02B}.Debug|Mixed Platforms.ActiveCfg = Debug|x86
		{505D39AE-44FC-4D78-B306-872C9411D02B}.Debug|x86.ActiveCfg = Debug|x86
		{505D39AE-44FC-4D78-B306-872C9411D02B}.Debug|x86.Build.0 = Debug|x86
		{505D39AE-44FC-4D78-B306-872C9411D02B}.Release|Any CPU.ActiveCfg = Release|x86
		{505D39AE-44FC-4D78-B306-872C9411D02B}.Release|Mixed Platforms.ActiveCfg = Release|x86
		{505D39AE-44FC-4D78-B306-872C9411D02B}.Release|x86.ActiveCfg = Release|x86
		{505D39AE-44FC-4D78-B306-872C9411D02B}.Release|x86.Build.0 = Release|x86
		{13FFF6D6-0D71-4F30-888D-45A11C94384A}.Debug|Any CPU.ActiveCfg = Debug|Any CPU
		{13FFF6D6-0D71-4F30-888D-45A11C94384A}.Debug|Mixed Platforms.ActiveCfg = Debug|Any CPU
		{13FFF6D6-0D71-4F30-888D-45A11C94384A}.Debug|x86.ActiveCfg = Debug|Any CPU
		{13FFF6D6-0D71-4F30-888D-45A11C94384A}.Release|Any CPU.ActiveCfg = Release|Any CPU
		{13FFF6D6-0D71-4F30-888D-45A11C94384A}.Release|Mixed Platforms.ActiveCfg = Release|Any CPU
		{13FFF6D6-0D71-4F30-888D-45A11C94384A}.Release|x86.ActiveCfg = Release|Any CPU
		{EB17E14F-4DAB-4107-AE1F-8054CD109418}.Debug|Any CPU.ActiveCfg = Debug|x86
		{EB17E14F-4DAB-4107-AE1F-8054CD109418}.Debug|Mixed Platforms.ActiveCfg = Debug|x86
		{EB17E14F-4DAB-4107-AE1F-8054CD109418}.Debug|x86.ActiveCfg = Debug|x86
		{EB17E14F-4DAB-4107-AE1F-8054CD109418}.Debug|x86.Build.0 = Debug|x86
		{EB17E14F-4DAB-4107-AE1F-8054CD109418}.Release|Any CPU.ActiveCfg = Release|x86
		{EB17E14F-4DAB-4107-AE1F-8054CD109418}.Release|Mixed Platforms.ActiveCfg = Release|x86
		{EB17E14F-4DAB-4107-AE1F-8054CD109418}.Release|x86.ActiveCfg = Release|x86
		{EB17E14F-4DAB-4107-AE1F-8054CD109418}.Release|x86.Build.0 = Release|x86
		{A5A8E513-27F8-4319-AD4B-A3B1DF968830}.Debug|Any CPU.ActiveCfg = Debug|Any CPU
		{A5A8E513-27F8-4319-AD4B-A3B1DF968830}.Debug|Mixed Platforms.ActiveCfg = Debug|Any CPU
		{A5A8E513-27F8-4319-AD4B-A3B1DF968830}.Debug|x86.ActiveCfg = Debug|Any CPU
		{A5A8E513-27F8-4319-AD4B-A3B1DF968830}.Release|Any CPU.ActiveCfg = Release|Any CPU
		{A5A8E513-27F8-4319-AD4B-A3B1DF968830}.Release|Mixed Platforms.ActiveCfg = Release|Any CPU
		{A5A8E513-27F8-4319-AD4B-A3B1DF968830}.Release|x86.ActiveCfg = Release|Any CPU
		{B01FD655-82F9-46BF-9038-B6028B11F5B4}.Debug|Any CPU.ActiveCfg = Debug|x86
		{B01FD655-82F9-46BF-9038-B6028B11F5B4}.Debug|Mixed Platforms.ActiveCfg = Debug|x86
		{B01FD655-82F9-46BF-9038-B6028B11F5B4}.Debug|x86.ActiveCfg = Debug|x86
		{B01FD655-82F9-46BF-9038-B6028B11F5B4}.Debug|x86.Build.0 = Debug|x86
		{B01FD655-82F9-46BF-9038-B6028B11F5B4}.Release|Any CPU.ActiveCfg = Release|x86
		{B01FD655-82F9-46BF-9038-B6028B11F5B4}.Release|Mixed Platforms.ActiveCfg = Release|x86
		{B01FD655-82F9-46BF-9038-B6028B11F5B4}.Release|x86.ActiveCfg = Release|x86
		{B01FD655-82F9-46BF-9038-B6028B11F5B4}.Release|x86.Build.0 = Release|x86
		{55978962-FC59-402F-9284-CB6DCD1B2FAE}.Debug|Any CPU.ActiveCfg = Debug|Any CPU
		{55978962-FC59-402F-9284-CB6DCD1B2FAE}.Debug|Mixed Platforms.ActiveCfg = Debug|Any CPU
		{55978962-FC59-402F-9284-CB6DCD1B2FAE}.Debug|x86.ActiveCfg = Debug|Any CPU
		{55978962-FC59-402F-9284-CB6DCD1B2FAE}.Release|Any CPU.ActiveCfg = Release|Any CPU
		{55978962-FC59-402F-9284-CB6DCD1B2FAE}.Release|Mixed Platforms.ActiveCfg = Release|Any CPU
		{55978962-FC59-402F-9284-CB6DCD1B2FAE}.Release|x86.ActiveCfg = Release|Any CPU
		{4ABBA5D1-C6FF-4F7B-BBE4-6EC088A3103B}.Debug|Any CPU.ActiveCfg = Debug|Any CPU
		{4ABBA5D1-C6FF-4F7B-BBE4-6EC088A3103B}.Debug|Mixed Platforms.ActiveCfg = Debug|Any CPU
		{4ABBA5D1-C6FF-4F7B-BBE4-6EC088A3103B}.Debug|x86.ActiveCfg = Debug|Any CPU
		{4ABBA5D1-C6FF-4F7B-BBE4-6EC088A3103B}.Release|Any CPU.ActiveCfg = Release|Any CPU
		{4ABBA5D1-C6FF-4F7B-BBE4-6EC088A3103B}.Release|Mixed Platforms.ActiveCfg = Release|Any CPU
		{4ABBA5D1-C6FF-4F7B-BBE4-6EC088A3103B}.Release|x86.ActiveCfg = Release|Any CPU
		{4824976A-A768-47B6-AF66-8A85BAB1EEEA}.Debug|Any CPU.ActiveCfg = Debug|x86
		{4824976A-A768-47B6-AF66-8A85BAB1EEEA}.Debug|Mixed Platforms.ActiveCfg = Debug|x86
		{4824976A-A768-47B6-AF66-8A85BAB1EEEA}.Debug|x86.ActiveCfg = Debug|x86
		{4824976A-A768-47B6-AF66-8A85BAB1EEEA}.Debug|x86.Build.0 = Debug|x86
		{4824976A-A768-47B6-AF66-8A85BAB1EEEA}.Release|Any CPU.ActiveCfg = Release|x86
		{4824976A-A768-47B6-AF66-8A85BAB1EEEA}.Release|Mixed Platforms.ActiveCfg = Release|x86
		{4824976A-A768-47B6-AF66-8A85BAB1EEEA}.Release|x86.ActiveCfg = Release|x86
		{4824976A-A768-47B6-AF66-8A85BAB1EEEA}.Release|x86.Build.0 = Release|x86
		{D7F315AF-F14B-4F1B-A9BA-85FB82218430}.Debug|Any CPU.ActiveCfg = Debug|Any CPU
		{D7F315AF-F14B-4F1B-A9BA-85FB82218430}.Debug|Mixed Platforms.ActiveCfg = Debug|Any CPU
		{D7F315AF-F14B-4F1B-A9BA-85FB82218430}.Debug|x86.ActiveCfg = Debug|Any CPU
		{D7F315AF-F14B-4F1B-A9BA-85FB82218430}.Release|Any CPU.ActiveCfg = Release|Any CPU
		{D7F315AF-F14B-4F1B-A9BA-85FB82218430}.Release|Mixed Platforms.ActiveCfg = Release|Any CPU
		{D7F315AF-F14B-4F1B-A9BA-85FB82218430}.Release|x86.ActiveCfg = Release|Any CPU
		{0442D822-3081-49D4-9A96-A398D6B9E13D}.Debug|Any CPU.ActiveCfg = Debug|Any CPU
		{0442D822-3081-49D4-9A96-A398D6B9E13D}.Debug|Mixed Platforms.ActiveCfg = Debug|Any CPU
		{0442D822-3081-49D4-9A96-A398D6B9E13D}.Debug|x86.ActiveCfg = Debug|Any CPU
		{0442D822-3081-49D4-9A96-A398D6B9E13D}.Release|Any CPU.ActiveCfg = Release|Any CPU
		{0442D822-3081-49D4-9A96-A398D6B9E13D}.Release|Mixed Platforms.ActiveCfg = Release|Any CPU
		{0442D822-3081-49D4-9A96-A398D6B9E13D}.Release|x86.ActiveCfg = Release|Any CPU
		{EC330A2B-BFB2-4F2C-8B05-63B91F12F64D}.Debug|Any CPU.ActiveCfg = Debug|x86
		{EC330A2B-BFB2-4F2C-8B05-63B91F12F64D}.Debug|Mixed Platforms.ActiveCfg = Debug|x86
		{EC330A2B-BFB2-4F2C-8B05-63B91F12F64D}.Debug|x86.ActiveCfg = Debug|x86
		{EC330A2B-BFB2-4F2C-8B05-63B91F12F64D}.Debug|x86.Build.0 = Debug|x86
		{EC330A2B-BFB2-4F2C-8B05-63B91F12F64D}.Release|Any CPU.ActiveCfg = Release|x86
		{EC330A2B-BFB2-4F2C-8B05-63B91F12F64D}.Release|Mixed Platforms.ActiveCfg = Release|x86
		{EC330A2B-BFB2-4F2C-8B05-63B91F12F64D}.Release|x86.ActiveCfg = Release|x86
		{EC330A2B-BFB2-4F2C-8B05-63B91F12F64D}.Release|x86.Build.0 = Release|x86
		{CC7C6F73-E06C-47E0-8862-97F58DEDED8F}.Debug|Any CPU.ActiveCfg = Debug|x86
		{CC7C6F73-E06C-47E0-8862-97F58DEDED8F}.Debug|Mixed Platforms.ActiveCfg = Debug|x86
		{CC7C6F73-E06C-47E0-8862-97F58DEDED8F}.Debug|x86.ActiveCfg = Debug|x86
		{CC7C6F73-E06C-47E0-8862-97F58DEDED8F}.Debug|x86.Build.0 = Debug|x86
		{CC7C6F73-E06C-47E0-8862-97F58DEDED8F}.Release|Any CPU.ActiveCfg = Release|x86
		{CC7C6F73-E06C-47E0-8862-97F58DEDED8F}.Release|Mixed Platforms.ActiveCfg = Release|x86
		{CC7C6F73-E06C-47E0-8862-97F58DEDED8F}.Release|x86.ActiveCfg = Release|x86
		{CC7C6F73-E06C-47E0-8862-97F58DEDED8F}.Release|x86.Build.0 = Release|x86
		{A93C21F2-C5CE-4C5D-8BE3-0D9935AC7714}.Debug|Any CPU.ActiveCfg = Debug|Any CPU
		{A93C21F2-C5CE-4C5D-8BE3-0D9935AC7714}.Debug|Any CPU.Build.0 = Debug|Any CPU
		{A93C21F2-C5CE-4C5D-8BE3-0D9935AC7714}.Debug|Mixed Platforms.ActiveCfg = Debug|Any CPU
		{A93C21F2-C5CE-4C5D-8BE3-0D9935AC7714}.Debug|x86.ActiveCfg = Debug|Any CPU
		{A93C21F2-C5CE-4C5D-8BE3-0D9935AC7714}.Release|Any CPU.ActiveCfg = Release|Any CPU
		{A93C21F2-C5CE-4C5D-8BE3-0D9935AC7714}.Release|Any CPU.Build.0 = Release|Any CPU
		{A93C21F2-C5CE-4C5D-8BE3-0D9935AC7714}.Release|Mixed Platforms.ActiveCfg = Release|Any CPU
		{A93C21F2-C5CE-4C5D-8BE3-0D9935AC7714}.Release|x86.ActiveCfg = Release|Any CPU
		{7A57341C-01D4-41ED-B0B8-D356F2573354}.Debug|Any CPU.ActiveCfg = Debug|Any CPU
		{7A57341C-01D4-41ED-B0B8-D356F2573354}.Debug|Any CPU.Build.0 = Debug|Any CPU
		{7A57341C-01D4-41ED-B0B8-D356F2573354}.Debug|Mixed Platforms.ActiveCfg = Debug|Any CPU
		{7A57341C-01D4-41ED-B0B8-D356F2573354}.Debug|x86.ActiveCfg = Debug|Any CPU
		{7A57341C-01D4-41ED-B0B8-D356F2573354}.Release|Any CPU.ActiveCfg = Release|Any CPU
		{7A57341C-01D4-41ED-B0B8-D356F2573354}.Release|Any CPU.Build.0 = Release|Any CPU
		{7A57341C-01D4-41ED-B0B8-D356F2573354}.Release|Mixed Platforms.ActiveCfg = Release|Any CPU
		{7A57341C-01D4-41ED-B0B8-D356F2573354}.Release|x86.ActiveCfg = Release|Any CPU
		{9641E261-EC6D-4333-81EE-885A3C2207F7}.Debug|Any CPU.ActiveCfg = Debug|Any CPU
		{9641E261-EC6D-4333-81EE-885A3C2207F7}.Debug|Any CPU.Build.0 = Debug|Any CPU
		{9641E261-EC6D-4333-81EE-885A3C2207F7}.Debug|Mixed Platforms.ActiveCfg = Debug|Any CPU
		{9641E261-EC6D-4333-81EE-885A3C2207F7}.Debug|Mixed Platforms.Deploy.0 = Debug|Any CPU
		{9641E261-EC6D-4333-81EE-885A3C2207F7}.Debug|x86.ActiveCfg = Debug|Any CPU
		{9641E261-EC6D-4333-81EE-885A3C2207F7}.Release|Any CPU.ActiveCfg = Release|Any CPU
		{9641E261-EC6D-4333-81EE-885A3C2207F7}.Release|Any CPU.Build.0 = Release|Any CPU
		{9641E261-EC6D-4333-81EE-885A3C2207F7}.Release|Mixed Platforms.ActiveCfg = Release|Any CPU
		{9641E261-EC6D-4333-81EE-885A3C2207F7}.Release|x86.ActiveCfg = Release|Any CPU
		{16F125F1-DCEC-463E-ADE3-A2784C43C26B}.Debug|Any CPU.ActiveCfg = Debug|x86
		{16F125F1-DCEC-463E-ADE3-A2784C43C26B}.Debug|Mixed Platforms.ActiveCfg = Debug|x86
		{16F125F1-DCEC-463E-ADE3-A2784C43C26B}.Debug|x86.ActiveCfg = Debug|x86
		{16F125F1-DCEC-463E-ADE3-A2784C43C26B}.Debug|x86.Build.0 = Debug|x86
		{16F125F1-DCEC-463E-ADE3-A2784C43C26B}.Release|Any CPU.ActiveCfg = Release|x86
		{16F125F1-DCEC-463E-ADE3-A2784C43C26B}.Release|Mixed Platforms.ActiveCfg = Release|x86
		{16F125F1-DCEC-463E-ADE3-A2784C43C26B}.Release|x86.ActiveCfg = Release|x86
		{16F125F1-DCEC-463E-ADE3-A2784C43C26B}.Release|x86.Build.0 = Release|x86
		{67C560F0-453A-453B-A6B6-06D57523DA9D}.Debug|Any CPU.ActiveCfg = Debug|Any CPU
		{67C560F0-453A-453B-A6B6-06D57523DA9D}.Debug|Any CPU.Build.0 = Debug|Any CPU
		{67C560F0-453A-453B-A6B6-06D57523DA9D}.Debug|Mixed Platforms.ActiveCfg = Debug|Any CPU
		{67C560F0-453A-453B-A6B6-06D57523DA9D}.Debug|x86.ActiveCfg = Debug|Any CPU
		{67C560F0-453A-453B-A6B6-06D57523DA9D}.Release|Any CPU.ActiveCfg = Release|Any CPU
		{67C560F0-453A-453B-A6B6-06D57523DA9D}.Release|Any CPU.Build.0 = Release|Any CPU
		{67C560F0-453A-453B-A6B6-06D57523DA9D}.Release|Mixed Platforms.ActiveCfg = Release|Any CPU
		{67C560F0-453A-453B-A6B6-06D57523DA9D}.Release|x86.ActiveCfg = Release|Any CPU
		{38E52861-5721-46A6-9754-204F34E71DA1}.Debug|Any CPU.ActiveCfg = Debug|Any CPU
		{38E52861-5721-46A6-9754-204F34E71DA1}.Debug|Any CPU.Build.0 = Debug|Any CPU
		{38E52861-5721-46A6-9754-204F34E71DA1}.Debug|Mixed Platforms.ActiveCfg = Debug|Any CPU
		{38E52861-5721-46A6-9754-204F34E71DA1}.Debug|x86.ActiveCfg = Debug|Any CPU
		{38E52861-5721-46A6-9754-204F34E71DA1}.Release|Any CPU.ActiveCfg = Release|Any CPU
		{38E52861-5721-46A6-9754-204F34E71DA1}.Release|Any CPU.Build.0 = Release|Any CPU
		{38E52861-5721-46A6-9754-204F34E71DA1}.Release|Mixed Platforms.ActiveCfg = Release|Any CPU
		{38E52861-5721-46A6-9754-204F34E71DA1}.Release|x86.ActiveCfg = Release|Any CPU
		{93F250D3-0FAD-4DEB-A118-0071844B2510}.Debug|Any CPU.ActiveCfg = Debug|Any CPU
		{93F250D3-0FAD-4DEB-A118-0071844B2510}.Debug|Any CPU.Build.0 = Debug|Any CPU
		{93F250D3-0FAD-4DEB-A118-0071844B2510}.Debug|Mixed Platforms.ActiveCfg = Debug|Any CPU
		{93F250D3-0FAD-4DEB-A118-0071844B2510}.Debug|x86.ActiveCfg = Debug|Any CPU
		{93F250D3-0FAD-4DEB-A118-0071844B2510}.Release|Any CPU.ActiveCfg = Release|Any CPU
		{93F250D3-0FAD-4DEB-A118-0071844B2510}.Release|Any CPU.Build.0 = Release|Any CPU
		{93F250D3-0FAD-4DEB-A118-0071844B2510}.Release|Mixed Platforms.ActiveCfg = Release|Any CPU
		{93F250D3-0FAD-4DEB-A118-0071844B2510}.Release|x86.ActiveCfg = Release|Any CPU
		{0F0F490B-B76F-4E97-B863-C4E505D5077B}.Debug|Any CPU.ActiveCfg = Debug|Any CPU
		{0F0F490B-B76F-4E97-B863-C4E505D5077B}.Debug|Any CPU.Build.0 = Debug|Any CPU
		{0F0F490B-B76F-4E97-B863-C4E505D5077B}.Debug|Mixed Platforms.ActiveCfg = Debug|Any CPU
		{0F0F490B-B76F-4E97-B863-C4E505D5077B}.Debug|x86.ActiveCfg = Debug|Any CPU
		{0F0F490B-B76F-4E97-B863-C4E505D5077B}.Release|Any CPU.ActiveCfg = Release|Any CPU
		{0F0F490B-B76F-4E97-B863-C4E505D5077B}.Release|Any CPU.Build.0 = Release|Any CPU
		{0F0F490B-B76F-4E97-B863-C4E505D5077B}.Release|Mixed Platforms.ActiveCfg = Release|Any CPU
		{0F0F490B-B76F-4E97-B863-C4E505D5077B}.Release|x86.ActiveCfg = Release|Any CPU
		{182EEB6B-3E18-4B4F-ABBC-27A9791B5C09}.Debug|Any CPU.ActiveCfg = Debug|Any CPU
		{182EEB6B-3E18-4B4F-ABBC-27A9791B5C09}.Debug|Any CPU.Build.0 = Debug|Any CPU
		{182EEB6B-3E18-4B4F-ABBC-27A9791B5C09}.Debug|Mixed Platforms.ActiveCfg = Debug|Any CPU
		{182EEB6B-3E18-4B4F-ABBC-27A9791B5C09}.Debug|x86.ActiveCfg = Debug|Any CPU
		{182EEB6B-3E18-4B4F-ABBC-27A9791B5C09}.Release|Any CPU.ActiveCfg = Release|Any CPU
		{182EEB6B-3E18-4B4F-ABBC-27A9791B5C09}.Release|Any CPU.Build.0 = Release|Any CPU
		{182EEB6B-3E18-4B4F-ABBC-27A9791B5C09}.Release|Mixed Platforms.ActiveCfg = Release|Any CPU
		{182EEB6B-3E18-4B4F-ABBC-27A9791B5C09}.Release|x86.ActiveCfg = Release|Any CPU
		{B7C9544A-4291-44D0-9B9B-54AFAB867294}.Debug|Any CPU.ActiveCfg = Debug|Any CPU
		{B7C9544A-4291-44D0-9B9B-54AFAB867294}.Debug|Any CPU.Build.0 = Debug|Any CPU
		{B7C9544A-4291-44D0-9B9B-54AFAB867294}.Debug|Mixed Platforms.ActiveCfg = Debug|Any CPU
		{B7C9544A-4291-44D0-9B9B-54AFAB867294}.Debug|x86.ActiveCfg = Debug|Any CPU
		{B7C9544A-4291-44D0-9B9B-54AFAB867294}.Release|Any CPU.ActiveCfg = Release|Any CPU
		{B7C9544A-4291-44D0-9B9B-54AFAB867294}.Release|Any CPU.Build.0 = Release|Any CPU
		{B7C9544A-4291-44D0-9B9B-54AFAB867294}.Release|Mixed Platforms.ActiveCfg = Release|Any CPU
		{B7C9544A-4291-44D0-9B9B-54AFAB867294}.Release|x86.ActiveCfg = Release|Any CPU
		{B780C4E8-71ED-4699-92C4-580956BF46C8}.Debug|Any CPU.ActiveCfg = Debug|Any CPU
		{B780C4E8-71ED-4699-92C4-580956BF46C8}.Debug|Any CPU.Build.0 = Debug|Any CPU
		{B780C4E8-71ED-4699-92C4-580956BF46C8}.Debug|Mixed Platforms.ActiveCfg = Debug|Any CPU
		{B780C4E8-71ED-4699-92C4-580956BF46C8}.Debug|x86.ActiveCfg = Debug|Any CPU
		{B780C4E8-71ED-4699-92C4-580956BF46C8}.Release|Any CPU.ActiveCfg = Release|Any CPU
		{B780C4E8-71ED-4699-92C4-580956BF46C8}.Release|Any CPU.Build.0 = Release|Any CPU
		{B780C4E8-71ED-4699-92C4-580956BF46C8}.Release|Mixed Platforms.ActiveCfg = Release|Any CPU
		{B780C4E8-71ED-4699-92C4-580956BF46C8}.Release|x86.ActiveCfg = Release|Any CPU
		{49BBA33E-0B08-4679-876B-83111850B328}.Debug|Any CPU.ActiveCfg = Debug|Any CPU
		{49BBA33E-0B08-4679-876B-83111850B328}.Debug|Any CPU.Build.0 = Debug|Any CPU
		{49BBA33E-0B08-4679-876B-83111850B328}.Debug|Mixed Platforms.ActiveCfg = Debug|Any CPU
		{49BBA33E-0B08-4679-876B-83111850B328}.Debug|x86.ActiveCfg = Debug|Any CPU
		{49BBA33E-0B08-4679-876B-83111850B328}.Release|Any CPU.ActiveCfg = Release|Any CPU
		{49BBA33E-0B08-4679-876B-83111850B328}.Release|Any CPU.Build.0 = Release|Any CPU
		{49BBA33E-0B08-4679-876B-83111850B328}.Release|Mixed Platforms.ActiveCfg = Release|Any CPU
		{49BBA33E-0B08-4679-876B-83111850B328}.Release|x86.ActiveCfg = Release|Any CPU
		{61F31560-785A-4FC0-9754-70E5ACA06D00}.Debug|Any CPU.ActiveCfg = Debug|Any CPU
		{61F31560-785A-4FC0-9754-70E5ACA06D00}.Debug|Any CPU.Build.0 = Debug|Any CPU
		{61F31560-785A-4FC0-9754-70E5ACA06D00}.Debug|Mixed Platforms.ActiveCfg = Debug|Any CPU
		{61F31560-785A-4FC0-9754-70E5ACA06D00}.Debug|x86.ActiveCfg = Debug|Any CPU
		{61F31560-785A-4FC0-9754-70E5ACA06D00}.Release|Any CPU.ActiveCfg = Release|Any CPU
		{61F31560-785A-4FC0-9754-70E5ACA06D00}.Release|Any CPU.Build.0 = Release|Any CPU
		{61F31560-785A-4FC0-9754-70E5ACA06D00}.Release|Mixed Platforms.ActiveCfg = Release|Any CPU
		{61F31560-785A-4FC0-9754-70E5ACA06D00}.Release|x86.ActiveCfg = Release|Any CPU
		{7E699886-B6CE-4865-A40D-67F6E3C8A6FA}.Debug|Any CPU.ActiveCfg = Debug|Any CPU
		{7E699886-B6CE-4865-A40D-67F6E3C8A6FA}.Debug|Any CPU.Build.0 = Debug|Any CPU
		{7E699886-B6CE-4865-A40D-67F6E3C8A6FA}.Debug|Mixed Platforms.ActiveCfg = Debug|Any CPU
		{7E699886-B6CE-4865-A40D-67F6E3C8A6FA}.Debug|x86.ActiveCfg = Debug|Any CPU
		{7E699886-B6CE-4865-A40D-67F6E3C8A6FA}.Release|Any CPU.ActiveCfg = Release|Any CPU
		{7E699886-B6CE-4865-A40D-67F6E3C8A6FA}.Release|Any CPU.Build.0 = Release|Any CPU
		{7E699886-B6CE-4865-A40D-67F6E3C8A6FA}.Release|Mixed Platforms.ActiveCfg = Release|Any CPU
		{7E699886-B6CE-4865-A40D-67F6E3C8A6FA}.Release|x86.ActiveCfg = Release|Any CPU
		{B6ED72DF-CA05-4A37-9578-7E52D0FCADED}.Debug|Any CPU.ActiveCfg = Debug|Any CPU
		{B6ED72DF-CA05-4A37-9578-7E52D0FCADED}.Debug|Any CPU.Build.0 = Debug|Any CPU
		{B6ED72DF-CA05-4A37-9578-7E52D0FCADED}.Debug|Mixed Platforms.ActiveCfg = Debug|Any CPU
		{B6ED72DF-CA05-4A37-9578-7E52D0FCADED}.Debug|x86.ActiveCfg = Debug|Any CPU
		{B6ED72DF-CA05-4A37-9578-7E52D0FCADED}.Release|Any CPU.ActiveCfg = Release|Any CPU
		{B6ED72DF-CA05-4A37-9578-7E52D0FCADED}.Release|Any CPU.Build.0 = Release|Any CPU
		{B6ED72DF-CA05-4A37-9578-7E52D0FCADED}.Release|Mixed Platforms.ActiveCfg = Release|Any CPU
		{B6ED72DF-CA05-4A37-9578-7E52D0FCADED}.Release|x86.ActiveCfg = Release|Any CPU
		{D9C4B52C-9122-49B2-ABEE-55F8AB964AA4}.Debug|Any CPU.ActiveCfg = Debug|Any CPU
		{D9C4B52C-9122-49B2-ABEE-55F8AB964AA4}.Debug|Any CPU.Build.0 = Debug|Any CPU
		{D9C4B52C-9122-49B2-ABEE-55F8AB964AA4}.Debug|Mixed Platforms.ActiveCfg = Debug|Any CPU
		{D9C4B52C-9122-49B2-ABEE-55F8AB964AA4}.Debug|x86.ActiveCfg = Debug|Any CPU
		{D9C4B52C-9122-49B2-ABEE-55F8AB964AA4}.Release|Any CPU.ActiveCfg = Release|Any CPU
		{D9C4B52C-9122-49B2-ABEE-55F8AB964AA4}.Release|Any CPU.Build.0 = Release|Any CPU
		{D9C4B52C-9122-49B2-ABEE-55F8AB964AA4}.Release|Mixed Platforms.ActiveCfg = Release|Any CPU
		{D9C4B52C-9122-49B2-ABEE-55F8AB964AA4}.Release|x86.ActiveCfg = Release|Any CPU
		{A03595E6-674C-409B-98D2-78252E4A835E}.Debug|Any CPU.ActiveCfg = Debug|Any CPU
		{A03595E6-674C-409B-98D2-78252E4A835E}.Debug|Any CPU.Build.0 = Debug|Any CPU
		{A03595E6-674C-409B-98D2-78252E4A835E}.Debug|Mixed Platforms.ActiveCfg = Debug|Any CPU
		{A03595E6-674C-409B-98D2-78252E4A835E}.Debug|x86.ActiveCfg = Debug|Any CPU
		{A03595E6-674C-409B-98D2-78252E4A835E}.Release|Any CPU.ActiveCfg = Release|Any CPU
		{A03595E6-674C-409B-98D2-78252E4A835E}.Release|Any CPU.Build.0 = Release|Any CPU
		{A03595E6-674C-409B-98D2-78252E4A835E}.Release|Mixed Platforms.ActiveCfg = Release|Any CPU
		{A03595E6-674C-409B-98D2-78252E4A835E}.Release|x86.ActiveCfg = Release|Any CPU
		{128BEF04-D469-4E73-A6EB-8030C04AF73C}.Debug|Any CPU.ActiveCfg = Debug|Any CPU
		{128BEF04-D469-4E73-A6EB-8030C04AF73C}.Debug|Any CPU.Build.0 = Debug|Any CPU
		{128BEF04-D469-4E73-A6EB-8030C04AF73C}.Debug|Mixed Platforms.ActiveCfg = Debug|Any CPU
		{128BEF04-D469-4E73-A6EB-8030C04AF73C}.Debug|x86.ActiveCfg = Debug|Any CPU
		{128BEF04-D469-4E73-A6EB-8030C04AF73C}.Release|Any CPU.ActiveCfg = Release|Any CPU
		{128BEF04-D469-4E73-A6EB-8030C04AF73C}.Release|Any CPU.Build.0 = Release|Any CPU
		{128BEF04-D469-4E73-A6EB-8030C04AF73C}.Release|Mixed Platforms.ActiveCfg = Release|Any CPU
		{128BEF04-D469-4E73-A6EB-8030C04AF73C}.Release|x86.ActiveCfg = Release|Any CPU
		{276C74F0-6009-4E9A-9216-F91E75FF31F5}.Debug|Any CPU.ActiveCfg = Debug|Any CPU
		{276C74F0-6009-4E9A-9216-F91E75FF31F5}.Debug|Any CPU.Build.0 = Debug|Any CPU
		{276C74F0-6009-4E9A-9216-F91E75FF31F5}.Debug|Mixed Platforms.ActiveCfg = Debug|Any CPU
		{276C74F0-6009-4E9A-9216-F91E75FF31F5}.Debug|x86.ActiveCfg = Debug|Any CPU
		{276C74F0-6009-4E9A-9216-F91E75FF31F5}.Release|Any CPU.ActiveCfg = Release|Any CPU
		{276C74F0-6009-4E9A-9216-F91E75FF31F5}.Release|Any CPU.Build.0 = Release|Any CPU
		{276C74F0-6009-4E9A-9216-F91E75FF31F5}.Release|Mixed Platforms.ActiveCfg = Release|Any CPU
		{276C74F0-6009-4E9A-9216-F91E75FF31F5}.Release|x86.ActiveCfg = Release|Any CPU
		{8EB09CC9-01B7-4E62-9CC2-2D9FF292FB72}.Debug|Any CPU.ActiveCfg = Debug|Any CPU
		{8EB09CC9-01B7-4E62-9CC2-2D9FF292FB72}.Debug|Any CPU.Build.0 = Debug|Any CPU
		{8EB09CC9-01B7-4E62-9CC2-2D9FF292FB72}.Debug|Mixed Platforms.ActiveCfg = Debug|Any CPU
		{8EB09CC9-01B7-4E62-9CC2-2D9FF292FB72}.Debug|x86.ActiveCfg = Debug|Any CPU
		{8EB09CC9-01B7-4E62-9CC2-2D9FF292FB72}.Release|Any CPU.ActiveCfg = Release|Any CPU
		{8EB09CC9-01B7-4E62-9CC2-2D9FF292FB72}.Release|Any CPU.Build.0 = Release|Any CPU
		{8EB09CC9-01B7-4E62-9CC2-2D9FF292FB72}.Release|Mixed Platforms.ActiveCfg = Release|Any CPU
		{8EB09CC9-01B7-4E62-9CC2-2D9FF292FB72}.Release|x86.ActiveCfg = Release|Any CPU
		{925CE865-94F2-4B88-BAE5-0B4303EFF8D2}.Debug|Any CPU.ActiveCfg = Debug|Any CPU
		{925CE865-94F2-4B88-BAE5-0B4303EFF8D2}.Debug|Any CPU.Build.0 = Debug|Any CPU
		{925CE865-94F2-4B88-BAE5-0B4303EFF8D2}.Debug|Mixed Platforms.ActiveCfg = Debug|Any CPU
		{925CE865-94F2-4B88-BAE5-0B4303EFF8D2}.Debug|x86.ActiveCfg = Debug|Any CPU
		{925CE865-94F2-4B88-BAE5-0B4303EFF8D2}.Release|Any CPU.ActiveCfg = Release|Any CPU
		{925CE865-94F2-4B88-BAE5-0B4303EFF8D2}.Release|Any CPU.Build.0 = Release|Any CPU
		{925CE865-94F2-4B88-BAE5-0B4303EFF8D2}.Release|Mixed Platforms.ActiveCfg = Release|Any CPU
		{925CE865-94F2-4B88-BAE5-0B4303EFF8D2}.Release|x86.ActiveCfg = Release|Any CPU
		{65F77DE9-418E-4BDA-9B77-B3859AAC57BD}.Debug|Any CPU.ActiveCfg = Debug|Any CPU
		{65F77DE9-418E-4BDA-9B77-B3859AAC57BD}.Debug|Any CPU.Build.0 = Debug|Any CPU
		{65F77DE9-418E-4BDA-9B77-B3859AAC57BD}.Debug|Mixed Platforms.ActiveCfg = Debug|Any CPU
		{65F77DE9-418E-4BDA-9B77-B3859AAC57BD}.Debug|x86.ActiveCfg = Debug|Any CPU
		{65F77DE9-418E-4BDA-9B77-B3859AAC57BD}.Release|Any CPU.ActiveCfg = Release|Any CPU
		{65F77DE9-418E-4BDA-9B77-B3859AAC57BD}.Release|Any CPU.Build.0 = Release|Any CPU
		{65F77DE9-418E-4BDA-9B77-B3859AAC57BD}.Release|Mixed Platforms.ActiveCfg = Release|Any CPU
		{65F77DE9-418E-4BDA-9B77-B3859AAC57BD}.Release|x86.ActiveCfg = Release|Any CPU
		{7D64CA57-02BE-4CEC-8766-7BD1B53E8A2D}.Debug|Any CPU.ActiveCfg = Debug|Any CPU
		{7D64CA57-02BE-4CEC-8766-7BD1B53E8A2D}.Debug|Any CPU.Build.0 = Debug|Any CPU
		{7D64CA57-02BE-4CEC-8766-7BD1B53E8A2D}.Debug|Mixed Platforms.ActiveCfg = Debug|Any CPU
		{7D64CA57-02BE-4CEC-8766-7BD1B53E8A2D}.Debug|x86.ActiveCfg = Debug|Any CPU
		{7D64CA57-02BE-4CEC-8766-7BD1B53E8A2D}.Release|Any CPU.ActiveCfg = Release|Any CPU
		{7D64CA57-02BE-4CEC-8766-7BD1B53E8A2D}.Release|Any CPU.Build.0 = Release|Any CPU
		{7D64CA57-02BE-4CEC-8766-7BD1B53E8A2D}.Release|Mixed Platforms.ActiveCfg = Release|Any CPU
		{7D64CA57-02BE-4CEC-8766-7BD1B53E8A2D}.Release|x86.ActiveCfg = Release|Any CPU
		{637F899E-8558-4F9A-B6CF-47203A0D867D}.Debug|Any CPU.ActiveCfg = Debug|Any CPU
		{637F899E-8558-4F9A-B6CF-47203A0D867D}.Debug|Any CPU.Build.0 = Debug|Any CPU
		{637F899E-8558-4F9A-B6CF-47203A0D867D}.Debug|Mixed Platforms.ActiveCfg = Debug|Any CPU
		{637F899E-8558-4F9A-B6CF-47203A0D867D}.Debug|x86.ActiveCfg = Debug|Any CPU
		{637F899E-8558-4F9A-B6CF-47203A0D867D}.Release|Any CPU.ActiveCfg = Release|Any CPU
		{637F899E-8558-4F9A-B6CF-47203A0D867D}.Release|Any CPU.Build.0 = Release|Any CPU
		{637F899E-8558-4F9A-B6CF-47203A0D867D}.Release|Mixed Platforms.ActiveCfg = Release|Any CPU
		{637F899E-8558-4F9A-B6CF-47203A0D867D}.Release|x86.ActiveCfg = Release|Any CPU
		{BCE23310-B365-410F-9851-C730D7851DBC}.Debug|Any CPU.ActiveCfg = Debug|Any CPU
		{BCE23310-B365-410F-9851-C730D7851DBC}.Debug|Any CPU.Build.0 = Debug|Any CPU
		{BCE23310-B365-410F-9851-C730D7851DBC}.Debug|Mixed Platforms.ActiveCfg = Debug|Any CPU
		{BCE23310-B365-410F-9851-C730D7851DBC}.Debug|x86.ActiveCfg = Debug|Any CPU
		{BCE23310-B365-410F-9851-C730D7851DBC}.Release|Any CPU.ActiveCfg = Release|Any CPU
		{BCE23310-B365-410F-9851-C730D7851DBC}.Release|Any CPU.Build.0 = Release|Any CPU
		{BCE23310-B365-410F-9851-C730D7851DBC}.Release|Mixed Platforms.ActiveCfg = Release|Any CPU
		{BCE23310-B365-410F-9851-C730D7851DBC}.Release|x86.ActiveCfg = Release|Any CPU
		{BE163E5D-CCE3-446A-85E8-FC52485321FF}.Debug|Any CPU.ActiveCfg = Debug|x86
		{BE163E5D-CCE3-446A-85E8-FC52485321FF}.Debug|Mixed Platforms.ActiveCfg = Debug|x86
		{BE163E5D-CCE3-446A-85E8-FC52485321FF}.Debug|Mixed Platforms.Build.0 = Debug|x86
		{BE163E5D-CCE3-446A-85E8-FC52485321FF}.Debug|x86.ActiveCfg = Debug|x86
		{BE163E5D-CCE3-446A-85E8-FC52485321FF}.Debug|x86.Build.0 = Debug|x86
		{BE163E5D-CCE3-446A-85E8-FC52485321FF}.Release|Any CPU.ActiveCfg = Release|x86
		{BE163E5D-CCE3-446A-85E8-FC52485321FF}.Release|Mixed Platforms.ActiveCfg = Release|x86
		{BE163E5D-CCE3-446A-85E8-FC52485321FF}.Release|Mixed Platforms.Build.0 = Release|x86
		{BE163E5D-CCE3-446A-85E8-FC52485321FF}.Release|x86.ActiveCfg = Release|x86
		{BE163E5D-CCE3-446A-85E8-FC52485321FF}.Release|x86.Build.0 = Release|x86
		{348D1163-C901-41F8-811B-CF8B5229A29E}.Debug|Any CPU.ActiveCfg = Debug|x86
		{348D1163-C901-41F8-811B-CF8B5229A29E}.Debug|Mixed Platforms.ActiveCfg = Debug|x86
		{348D1163-C901-41F8-811B-CF8B5229A29E}.Debug|Mixed Platforms.Build.0 = Debug|x86
		{348D1163-C901-41F8-811B-CF8B5229A29E}.Debug|x86.ActiveCfg = Debug|x86
		{348D1163-C901-41F8-811B-CF8B5229A29E}.Debug|x86.Build.0 = Debug|x86
		{348D1163-C901-41F8-811B-CF8B5229A29E}.Release|Any CPU.ActiveCfg = Release|x86
		{348D1163-C901-41F8-811B-CF8B5229A29E}.Release|Mixed Platforms.ActiveCfg = Release|x86
		{348D1163-C901-41F8-811B-CF8B5229A29E}.Release|Mixed Platforms.Build.0 = Release|x86
		{348D1163-C901-41F8-811B-CF8B5229A29E}.Release|x86.ActiveCfg = Release|x86
		{348D1163-C901-41F8-811B-CF8B5229A29E}.Release|x86.Build.0 = Release|x86
		{F522DFE4-BCAA-4893-8DBC-624F9B79C306}.Debug|Any CPU.ActiveCfg = Debug|Any CPU
		{F522DFE4-BCAA-4893-8DBC-624F9B79C306}.Debug|Any CPU.Build.0 = Debug|Any CPU
		{F522DFE4-BCAA-4893-8DBC-624F9B79C306}.Debug|Mixed Platforms.ActiveCfg = Debug|Any CPU
		{F522DFE4-BCAA-4893-8DBC-624F9B79C306}.Debug|x86.ActiveCfg = Debug|Any CPU
		{F522DFE4-BCAA-4893-8DBC-624F9B79C306}.Release|Any CPU.ActiveCfg = Release|Any CPU
		{F522DFE4-BCAA-4893-8DBC-624F9B79C306}.Release|Any CPU.Build.0 = Release|Any CPU
		{F522DFE4-BCAA-4893-8DBC-624F9B79C306}.Release|Mixed Platforms.ActiveCfg = Release|Any CPU
		{F522DFE4-BCAA-4893-8DBC-624F9B79C306}.Release|x86.ActiveCfg = Release|Any CPU
		{BF70C602-1420-42E2-8685-761DB7C0CA8B}.Debug|Any CPU.ActiveCfg = Debug|Any CPU
		{BF70C602-1420-42E2-8685-761DB7C0CA8B}.Debug|Any CPU.Build.0 = Debug|Any CPU
		{BF70C602-1420-42E2-8685-761DB7C0CA8B}.Debug|Mixed Platforms.ActiveCfg = Debug|Any CPU
		{BF70C602-1420-42E2-8685-761DB7C0CA8B}.Debug|x86.ActiveCfg = Debug|Any CPU
		{BF70C602-1420-42E2-8685-761DB7C0CA8B}.Release|Any CPU.ActiveCfg = Release|Any CPU
		{BF70C602-1420-42E2-8685-761DB7C0CA8B}.Release|Any CPU.Build.0 = Release|Any CPU
		{BF70C602-1420-42E2-8685-761DB7C0CA8B}.Release|Mixed Platforms.ActiveCfg = Release|Any CPU
		{BF70C602-1420-42E2-8685-761DB7C0CA8B}.Release|x86.ActiveCfg = Release|Any CPU
		{1FC74C35-E6C5-4195-AE25-47910123133D}.Debug|Any CPU.ActiveCfg = Debug|x86
		{1FC74C35-E6C5-4195-AE25-47910123133D}.Debug|Mixed Platforms.ActiveCfg = Debug|x86
		{1FC74C35-E6C5-4195-AE25-47910123133D}.Debug|Mixed Platforms.Deploy.0 = Debug|x86
		{1FC74C35-E6C5-4195-AE25-47910123133D}.Debug|x86.ActiveCfg = Debug|x86
		{1FC74C35-E6C5-4195-AE25-47910123133D}.Debug|x86.Build.0 = Debug|x86
		{1FC74C35-E6C5-4195-AE25-47910123133D}.Release|Any CPU.ActiveCfg = Release|x86
		{1FC74C35-E6C5-4195-AE25-47910123133D}.Release|Mixed Platforms.ActiveCfg = Release|x86
		{1FC74C35-E6C5-4195-AE25-47910123133D}.Release|x86.ActiveCfg = Release|x86
		{1FC74C35-E6C5-4195-AE25-47910123133D}.Release|x86.Build.0 = Release|x86
		{B3B4DB8E-11F3-445F-8D3D-1779AF2F749F}.Debug|Any CPU.ActiveCfg = Debug|x86
		{B3B4DB8E-11F3-445F-8D3D-1779AF2F749F}.Debug|Mixed Platforms.ActiveCfg = Debug|x86
		{B3B4DB8E-11F3-445F-8D3D-1779AF2F749F}.Debug|x86.ActiveCfg = Debug|x86
		{B3B4DB8E-11F3-445F-8D3D-1779AF2F749F}.Debug|x86.Build.0 = Debug|x86
		{B3B4DB8E-11F3-445F-8D3D-1779AF2F749F}.Release|Any CPU.ActiveCfg = Release|x86
		{B3B4DB8E-11F3-445F-8D3D-1779AF2F749F}.Release|Mixed Platforms.ActiveCfg = Release|x86
		{B3B4DB8E-11F3-445F-8D3D-1779AF2F749F}.Release|x86.ActiveCfg = Release|x86
		{B3B4DB8E-11F3-445F-8D3D-1779AF2F749F}.Release|x86.Build.0 = Release|x86
		{1F7CA900-0813-417C-BE3A-8E573A8C6D80}.Debug|Any CPU.ActiveCfg = Debug|Any CPU
		{1F7CA900-0813-417C-BE3A-8E573A8C6D80}.Debug|Any CPU.Build.0 = Debug|Any CPU
		{1F7CA900-0813-417C-BE3A-8E573A8C6D80}.Debug|Mixed Platforms.ActiveCfg = Debug|Any CPU
		{1F7CA900-0813-417C-BE3A-8E573A8C6D80}.Debug|x86.ActiveCfg = Debug|Any CPU
		{1F7CA900-0813-417C-BE3A-8E573A8C6D80}.Debug|x86.Build.0 = Debug|Any CPU
		{1F7CA900-0813-417C-BE3A-8E573A8C6D80}.Release|Any CPU.ActiveCfg = Release|Any CPU
		{1F7CA900-0813-417C-BE3A-8E573A8C6D80}.Release|Any CPU.Build.0 = Release|Any CPU
		{1F7CA900-0813-417C-BE3A-8E573A8C6D80}.Release|Mixed Platforms.ActiveCfg = Release|Any CPU
		{1F7CA900-0813-417C-BE3A-8E573A8C6D80}.Release|x86.ActiveCfg = Release|Any CPU
		{1F7CA900-0813-417C-BE3A-8E573A8C6D80}.Release|x86.Build.0 = Release|Any CPU
		{0A5B4608-EC52-4A66-A6D2-289BC518A045}.Debug|Any CPU.ActiveCfg = Debug|Any CPU
		{0A5B4608-EC52-4A66-A6D2-289BC518A045}.Debug|Any CPU.Build.0 = Debug|Any CPU
		{0A5B4608-EC52-4A66-A6D2-289BC518A045}.Debug|Mixed Platforms.ActiveCfg = Debug|Any CPU
		{0A5B4608-EC52-4A66-A6D2-289BC518A045}.Debug|x86.ActiveCfg = Debug|Any CPU
		{0A5B4608-EC52-4A66-A6D2-289BC518A045}.Debug|x86.Build.0 = Debug|Any CPU
		{0A5B4608-EC52-4A66-A6D2-289BC518A045}.Release|Any CPU.ActiveCfg = Release|Any CPU
		{0A5B4608-EC52-4A66-A6D2-289BC518A045}.Release|Any CPU.Build.0 = Release|Any CPU
		{0A5B4608-EC52-4A66-A6D2-289BC518A045}.Release|Mixed Platforms.ActiveCfg = Release|Any CPU
		{0A5B4608-EC52-4A66-A6D2-289BC518A045}.Release|x86.ActiveCfg = Release|Any CPU
		{0A5B4608-EC52-4A66-A6D2-289BC518A045}.Release|x86.Build.0 = Release|Any CPU
		{66C692D2-BB81-4737-8E12-F101E9EA6E7A}.Debug|Any CPU.ActiveCfg = Debug|Any CPU
		{66C692D2-BB81-4737-8E12-F101E9EA6E7A}.Debug|Any CPU.Build.0 = Debug|Any CPU
		{66C692D2-BB81-4737-8E12-F101E9EA6E7A}.Debug|Mixed Platforms.ActiveCfg = Debug|Any CPU
		{66C692D2-BB81-4737-8E12-F101E9EA6E7A}.Debug|x86.ActiveCfg = Debug|Any CPU
		{66C692D2-BB81-4737-8E12-F101E9EA6E7A}.Debug|x86.Build.0 = Debug|Any CPU
		{66C692D2-BB81-4737-8E12-F101E9EA6E7A}.Release|Any CPU.ActiveCfg = Release|Any CPU
		{66C692D2-BB81-4737-8E12-F101E9EA6E7A}.Release|Any CPU.Build.0 = Release|Any CPU
		{66C692D2-BB81-4737-8E12-F101E9EA6E7A}.Release|Mixed Platforms.ActiveCfg = Release|Any CPU
		{66C692D2-BB81-4737-8E12-F101E9EA6E7A}.Release|x86.ActiveCfg = Release|Any CPU
		{66C692D2-BB81-4737-8E12-F101E9EA6E7A}.Release|x86.Build.0 = Release|Any CPU
		{A1A787F2-F6F7-4565-A70A-0E3B8FAC7DB8}.Debug|Any CPU.ActiveCfg = Debug|x86
		{A1A787F2-F6F7-4565-A70A-0E3B8FAC7DB8}.Debug|Mixed Platforms.ActiveCfg = Debug|x86
		{A1A787F2-F6F7-4565-A70A-0E3B8FAC7DB8}.Debug|x86.ActiveCfg = Debug|x86
		{A1A787F2-F6F7-4565-A70A-0E3B8FAC7DB8}.Debug|x86.Build.0 = Debug|x86
		{A1A787F2-F6F7-4565-A70A-0E3B8FAC7DB8}.Release|Any CPU.ActiveCfg = Release|x86
		{A1A787F2-F6F7-4565-A70A-0E3B8FAC7DB8}.Release|Mixed Platforms.ActiveCfg = Release|x86
		{A1A787F2-F6F7-4565-A70A-0E3B8FAC7DB8}.Release|x86.ActiveCfg = Release|x86
		{A1A787F2-F6F7-4565-A70A-0E3B8FAC7DB8}.Release|x86.Build.0 = Release|x86
		{47C14B49-6FDA-48C4-AF1E-86C61BDBB915}.Debug|Any CPU.ActiveCfg = Debug|Any CPU
		{47C14B49-6FDA-48C4-AF1E-86C61BDBB915}.Debug|Any CPU.Build.0 = Debug|Any CPU
		{47C14B49-6FDA-48C4-AF1E-86C61BDBB915}.Debug|Mixed Platforms.ActiveCfg = Debug|Any CPU
		{47C14B49-6FDA-48C4-AF1E-86C61BDBB915}.Debug|x86.ActiveCfg = Debug|Any CPU
		{47C14B49-6FDA-48C4-AF1E-86C61BDBB915}.Debug|x86.Build.0 = Debug|Any CPU
		{47C14B49-6FDA-48C4-AF1E-86C61BDBB915}.Release|Any CPU.ActiveCfg = Release|Any CPU
		{47C14B49-6FDA-48C4-AF1E-86C61BDBB915}.Release|Any CPU.Build.0 = Release|Any CPU
		{47C14B49-6FDA-48C4-AF1E-86C61BDBB915}.Release|Mixed Platforms.ActiveCfg = Release|Any CPU
		{47C14B49-6FDA-48C4-AF1E-86C61BDBB915}.Release|x86.ActiveCfg = Release|Any CPU
		{47C14B49-6FDA-48C4-AF1E-86C61BDBB915}.Release|x86.Build.0 = Release|Any CPU
		{C3246EEA-CF71-4F51-9BFD-4587E8FE2A9A}.Debug|Any CPU.ActiveCfg = Debug|Any CPU
		{C3246EEA-CF71-4F51-9BFD-4587E8FE2A9A}.Debug|Any CPU.Build.0 = Debug|Any CPU
		{C3246EEA-CF71-4F51-9BFD-4587E8FE2A9A}.Debug|Mixed Platforms.ActiveCfg = Debug|Any CPU
		{C3246EEA-CF71-4F51-9BFD-4587E8FE2A9A}.Debug|x86.ActiveCfg = Debug|Any CPU
		{C3246EEA-CF71-4F51-9BFD-4587E8FE2A9A}.Debug|x86.Build.0 = Debug|Any CPU
		{C3246EEA-CF71-4F51-9BFD-4587E8FE2A9A}.Release|Any CPU.ActiveCfg = Release|Any CPU
		{C3246EEA-CF71-4F51-9BFD-4587E8FE2A9A}.Release|Any CPU.Build.0 = Release|Any CPU
		{C3246EEA-CF71-4F51-9BFD-4587E8FE2A9A}.Release|Mixed Platforms.ActiveCfg = Release|Any CPU
		{C3246EEA-CF71-4F51-9BFD-4587E8FE2A9A}.Release|x86.ActiveCfg = Release|Any CPU
		{C3246EEA-CF71-4F51-9BFD-4587E8FE2A9A}.Release|x86.Build.0 = Release|Any CPU
		{2CD39A5E-95F6-4271-83BC-5D898BF870E3}.Debug|Any CPU.ActiveCfg = Debug|Any CPU
		{2CD39A5E-95F6-4271-83BC-5D898BF870E3}.Debug|Any CPU.Build.0 = Debug|Any CPU
		{2CD39A5E-95F6-4271-83BC-5D898BF870E3}.Debug|Mixed Platforms.ActiveCfg = Debug|Any CPU
		{2CD39A5E-95F6-4271-83BC-5D898BF870E3}.Debug|x86.ActiveCfg = Debug|Any CPU
		{2CD39A5E-95F6-4271-83BC-5D898BF870E3}.Debug|x86.Build.0 = Debug|Any CPU
		{2CD39A5E-95F6-4271-83BC-5D898BF870E3}.Release|Any CPU.ActiveCfg = Release|Any CPU
		{2CD39A5E-95F6-4271-83BC-5D898BF870E3}.Release|Any CPU.Build.0 = Release|Any CPU
		{2CD39A5E-95F6-4271-83BC-5D898BF870E3}.Release|Mixed Platforms.ActiveCfg = Release|Any CPU
		{2CD39A5E-95F6-4271-83BC-5D898BF870E3}.Release|x86.ActiveCfg = Release|Any CPU
		{2CD39A5E-95F6-4271-83BC-5D898BF870E3}.Release|x86.Build.0 = Release|Any CPU
		{D4D63FB1-72F4-453F-8018-D99C58A75817}.Debug|Any CPU.ActiveCfg = Debug|x86
		{D4D63FB1-72F4-453F-8018-D99C58A75817}.Debug|Mixed Platforms.ActiveCfg = Debug|x86
		{D4D63FB1-72F4-453F-8018-D99C58A75817}.Debug|x86.ActiveCfg = Debug|x86
		{D4D63FB1-72F4-453F-8018-D99C58A75817}.Debug|x86.Build.0 = Debug|x86
		{D4D63FB1-72F4-453F-8018-D99C58A75817}.Release|Any CPU.ActiveCfg = Release|x86
		{D4D63FB1-72F4-453F-8018-D99C58A75817}.Release|Mixed Platforms.ActiveCfg = Release|x86
		{D4D63FB1-72F4-453F-8018-D99C58A75817}.Release|x86.ActiveCfg = Release|x86
		{D4D63FB1-72F4-453F-8018-D99C58A75817}.Release|x86.Build.0 = Release|x86
		{B4686D9A-B449-493A-B3EF-F303BF2AF621}.Debug|Any CPU.ActiveCfg = Debug|Any CPU
		{B4686D9A-B449-493A-B3EF-F303BF2AF621}.Debug|Any CPU.Build.0 = Debug|Any CPU
		{B4686D9A-B449-493A-B3EF-F303BF2AF621}.Debug|Mixed Platforms.ActiveCfg = Debug|Any CPU
		{B4686D9A-B449-493A-B3EF-F303BF2AF621}.Debug|x86.ActiveCfg = Debug|Any CPU
		{B4686D9A-B449-493A-B3EF-F303BF2AF621}.Debug|x86.Build.0 = Debug|Any CPU
		{B4686D9A-B449-493A-B3EF-F303BF2AF621}.Release|Any CPU.ActiveCfg = Release|Any CPU
		{B4686D9A-B449-493A-B3EF-F303BF2AF621}.Release|Any CPU.Build.0 = Release|Any CPU
		{B4686D9A-B449-493A-B3EF-F303BF2AF621}.Release|Mixed Platforms.ActiveCfg = Release|Any CPU
		{B4686D9A-B449-493A-B3EF-F303BF2AF621}.Release|x86.ActiveCfg = Release|Any CPU
		{B4686D9A-B449-493A-B3EF-F303BF2AF621}.Release|x86.Build.0 = Release|Any CPU
	EndGlobalSection
	GlobalSection(SolutionProperties) = preSolution
		HideSolutionNode = FALSE
	EndGlobalSection
EndGlobal
